// !$*UTF8*$!
{
	archiveVersion = 1;
	classes = {
	};
	objectVersion = 51;
	objects = {

/* Begin PBXBuildFile section */
		C00310D422F6F5FA00E3BD55 /* jolgi.swift in Sources */ = {isa = PBXBuildFile; fileRef = C00310D322F6F5F900E3BD55 /* jolgi.swift */; };
		C03338E91CBF86D1009D729C /* PopUpViewController.swift in Sources */ = {isa = PBXBuildFile; fileRef = C03338E81CBF86D1009D729C /* PopUpViewController.swift */; };
		C03338EB1CC0F141009D729C /* BorderedButton.swift in Sources */ = {isa = PBXBuildFile; fileRef = C03338EA1CC0F141009D729C /* BorderedButton.swift */; };
		C050BC871CB8ADE000B2391B /* RegisterViewController.swift in Sources */ = {isa = PBXBuildFile; fileRef = C050BC861CB8ADE000B2391B /* RegisterViewController.swift */; };
		C065B41E1CBA2CE100609E54 /* MainViewController.swift in Sources */ = {isa = PBXBuildFile; fileRef = C065B41D1CBA2CE100609E54 /* MainViewController.swift */; };
		C07806381CCB3F5700B81015 /* TTSViewController.swift in Sources */ = {isa = PBXBuildFile; fileRef = C07806371CCB3F5700B81015 /* TTSViewController.swift */; };
		C08F41151CC4E84900A69F20 /* SavedViewTableController.swift in Sources */ = {isa = PBXBuildFile; fileRef = C08F41141CC4E84900A69F20 /* SavedViewTableController.swift */; };
		C08F41171CC4EEB300A69F20 /* SavedDetailViewController.swift in Sources */ = {isa = PBXBuildFile; fileRef = C08F41161CC4EEB300A69F20 /* SavedDetailViewController.swift */; };
		C0AD8FBB1BCFB9560066A8B4 /* MasterViewController.swift in Sources */ = {isa = PBXBuildFile; fileRef = C0AD8FBA1BCFB9560066A8B4 /* MasterViewController.swift */; };
		C0AD8FBD1BD25D970066A8B4 /* DetailViewController.swift in Sources */ = {isa = PBXBuildFile; fileRef = C0AD8FBC1BD25D960066A8B4 /* DetailViewController.swift */; };
		C0B698C11C8C1FC30053B768 /* saju.swift in Sources */ = {isa = PBXBuildFile; fileRef = C0B698C01C8C1FC30053B768 /* saju.swift */; };
		C0B745DE1CDC976E000881F8 /* RegisterConfirmViewController.swift in Sources */ = {isa = PBXBuildFile; fileRef = C0B745DD1CDC976E000881F8 /* RegisterConfirmViewController.swift */; };
		C0CE11A41BB2A8C00054284B /* AppDelegate.swift in Sources */ = {isa = PBXBuildFile; fileRef = C0CE11A31BB2A8C00054284B /* AppDelegate.swift */; };
		C0CE11A61BB2A8C00054284B /* ViewController.swift in Sources */ = {isa = PBXBuildFile; fileRef = C0CE11A51BB2A8C00054284B /* ViewController.swift */; };
		C0CE11A91BB2A8C00054284B /* Main.storyboard in Resources */ = {isa = PBXBuildFile; fileRef = C0CE11A71BB2A8C00054284B /* Main.storyboard */; };
		C0CE11AB1BB2A8C00054284B /* Assets.xcassets in Resources */ = {isa = PBXBuildFile; fileRef = C0CE11AA1BB2A8C00054284B /* Assets.xcassets */; };
		C0CE11AE1BB2A8C00054284B /* LaunchScreen.storyboard in Resources */ = {isa = PBXBuildFile; fileRef = C0CE11AC1BB2A8C00054284B /* LaunchScreen.storyboard */; };
		C0E77B381BDC8EFA0062C410 /* Hanja.swift in Sources */ = {isa = PBXBuildFile; fileRef = C0E77B371BDC8EFA0062C410 /* Hanja.swift */; };
/* End PBXBuildFile section */

/* Begin PBXContainerItemProxy section */
		C0CE11B51BB2A8C10054284B /* PBXContainerItemProxy */ = {
			isa = PBXContainerItemProxy;
			containerPortal = C0CE11981BB2A8C00054284B /* Project object */;
			proxyType = 1;
			remoteGlobalIDString = C0CE119F1BB2A8C00054284B;
			remoteInfo = singleview;
		};
		C0CE11C01BB2A8C10054284B /* PBXContainerItemProxy */ = {
			isa = PBXContainerItemProxy;
			containerPortal = C0CE11981BB2A8C00054284B /* Project object */;
			proxyType = 1;
			remoteGlobalIDString = C0CE119F1BB2A8C00054284B;
			remoteInfo = singleview;
		};
/* End PBXContainerItemProxy section */

/* Begin PBXFileReference section */
		C00310D322F6F5F900E3BD55 /* jolgi.swift */ = {isa = PBXFileReference; fileEncoding = 4; lastKnownFileType = sourcecode.swift; path = jolgi.swift; sourceTree = SOURCE_ROOT; };
		C03338E81CBF86D1009D729C /* PopUpViewController.swift */ = {isa = PBXFileReference; fileEncoding = 4; lastKnownFileType = sourcecode.swift; path = PopUpViewController.swift; sourceTree = "<group>"; };
		C03338EA1CC0F141009D729C /* BorderedButton.swift */ = {isa = PBXFileReference; fileEncoding = 4; lastKnownFileType = sourcecode.swift; path = BorderedButton.swift; sourceTree = "<group>"; };
		C050BC861CB8ADE000B2391B /* RegisterViewController.swift */ = {isa = PBXFileReference; fileEncoding = 4; lastKnownFileType = sourcecode.swift; path = RegisterViewController.swift; sourceTree = "<group>"; };
		C065B41D1CBA2CE100609E54 /* MainViewController.swift */ = {isa = PBXFileReference; fileEncoding = 4; lastKnownFileType = sourcecode.swift; path = MainViewController.swift; sourceTree = "<group>"; };
		C07806371CCB3F5700B81015 /* TTSViewController.swift */ = {isa = PBXFileReference; fileEncoding = 4; lastKnownFileType = sourcecode.swift; path = TTSViewController.swift; sourceTree = "<group>"; };
		C08F41141CC4E84900A69F20 /* SavedViewTableController.swift */ = {isa = PBXFileReference; fileEncoding = 4; lastKnownFileType = sourcecode.swift; path = SavedViewTableController.swift; sourceTree = "<group>"; };
		C08F41161CC4EEB300A69F20 /* SavedDetailViewController.swift */ = {isa = PBXFileReference; fileEncoding = 4; lastKnownFileType = sourcecode.swift; path = SavedDetailViewController.swift; sourceTree = "<group>"; };
		C0AD8FBA1BCFB9560066A8B4 /* MasterViewController.swift */ = {isa = PBXFileReference; fileEncoding = 4; lastKnownFileType = sourcecode.swift; path = MasterViewController.swift; sourceTree = "<group>"; };
		C0AD8FBC1BD25D960066A8B4 /* DetailViewController.swift */ = {isa = PBXFileReference; fileEncoding = 4; lastKnownFileType = sourcecode.swift; path = DetailViewController.swift; sourceTree = "<group>"; };
		C0B698C01C8C1FC30053B768 /* saju.swift */ = {isa = PBXFileReference; fileEncoding = 4; lastKnownFileType = sourcecode.swift; name = saju.swift; path = ../saju.swift; sourceTree = "<group>"; xcLanguageSpecificationIdentifier = xcode.lang.simpleColoring; };
		C0B745DD1CDC976E000881F8 /* RegisterConfirmViewController.swift */ = {isa = PBXFileReference; fileEncoding = 4; lastKnownFileType = sourcecode.swift; path = RegisterConfirmViewController.swift; sourceTree = "<group>"; };
		C0CE11A01BB2A8C00054284B /* BabyName.app */ = {isa = PBXFileReference; explicitFileType = wrapper.application; includeInIndex = 0; path = BabyName.app; sourceTree = BUILT_PRODUCTS_DIR; };
		C0CE11A31BB2A8C00054284B /* AppDelegate.swift */ = {isa = PBXFileReference; lastKnownFileType = sourcecode.swift; path = AppDelegate.swift; sourceTree = "<group>"; };
		C0CE11A51BB2A8C00054284B /* ViewController.swift */ = {isa = PBXFileReference; lastKnownFileType = sourcecode.swift; path = ViewController.swift; sourceTree = "<group>"; };
		C0CE11A81BB2A8C00054284B /* Base */ = {isa = PBXFileReference; lastKnownFileType = file.storyboard; name = Base; path = Base.lproj/Main.storyboard; sourceTree = "<group>"; };
		C0CE11AA1BB2A8C00054284B /* Assets.xcassets */ = {isa = PBXFileReference; lastKnownFileType = folder.assetcatalog; path = Assets.xcassets; sourceTree = "<group>"; };
		C0CE11AD1BB2A8C00054284B /* Base */ = {isa = PBXFileReference; lastKnownFileType = file.storyboard; name = Base; path = Base.lproj/LaunchScreen.storyboard; sourceTree = "<group>"; };
		C0CE11AF1BB2A8C10054284B /* Info.plist */ = {isa = PBXFileReference; lastKnownFileType = text.plist.xml; path = Info.plist; sourceTree = "<group>"; };
		C0CE11B41BB2A8C10054284B /* BabyName.xctest */ = {isa = PBXFileReference; explicitFileType = wrapper.cfbundle; includeInIndex = 0; path = BabyName.xctest; sourceTree = BUILT_PRODUCTS_DIR; };
		C0CE11BF1BB2A8C10054284B /* BabyName.xctest */ = {isa = PBXFileReference; explicitFileType = wrapper.cfbundle; includeInIndex = 0; path = BabyName.xctest; sourceTree = BUILT_PRODUCTS_DIR; };
		C0E77B371BDC8EFA0062C410 /* Hanja.swift */ = {isa = PBXFileReference; fileEncoding = 4; lastKnownFileType = sourcecode.swift; path = Hanja.swift; sourceTree = "<group>"; };
/* End PBXFileReference section */

/* Begin PBXFrameworksBuildPhase section */
		C0CE119D1BB2A8C00054284B /* Frameworks */ = {
			isa = PBXFrameworksBuildPhase;
			buildActionMask = 2147483647;
			files = (
			);
			runOnlyForDeploymentPostprocessing = 0;
		};
		C0CE11B11BB2A8C10054284B /* Frameworks */ = {
			isa = PBXFrameworksBuildPhase;
			buildActionMask = 2147483647;
			files = (
			);
			runOnlyForDeploymentPostprocessing = 0;
		};
		C0CE11BC1BB2A8C10054284B /* Frameworks */ = {
			isa = PBXFrameworksBuildPhase;
			buildActionMask = 2147483647;
			files = (
			);
			runOnlyForDeploymentPostprocessing = 0;
		};
/* End PBXFrameworksBuildPhase section */

/* Begin PBXGroup section */
		C0CE11971BB2A8C00054284B = {
			isa = PBXGroup;
			children = (
				C0CE11A21BB2A8C00054284B /* singleview */,
				C0CE11A11BB2A8C00054284B /* Products */,
			);
			sourceTree = "<group>";
		};
		C0CE11A11BB2A8C00054284B /* Products */ = {
			isa = PBXGroup;
			children = (
				C0CE11A01BB2A8C00054284B /* BabyName.app */,
				C0CE11B41BB2A8C10054284B /* BabyName.xctest */,
				C0CE11BF1BB2A8C10054284B /* BabyName.xctest */,
			);
			name = Products;
			sourceTree = "<group>";
		};
		C0CE11A21BB2A8C00054284B /* singleview */ = {
			isa = PBXGroup;
			children = (
				C00310D322F6F5F900E3BD55 /* jolgi.swift */,
				C0B745DD1CDC976E000881F8 /* RegisterConfirmViewController.swift */,
				C0B698C01C8C1FC30053B768 /* saju.swift */,
				C0CE11A31BB2A8C00054284B /* AppDelegate.swift */,
				C0CE11A51BB2A8C00054284B /* ViewController.swift */,
				C050BC861CB8ADE000B2391B /* RegisterViewController.swift */,
				C0AD8FBA1BCFB9560066A8B4 /* MasterViewController.swift */,
				C08F41141CC4E84900A69F20 /* SavedViewTableController.swift */,
				C08F41161CC4EEB300A69F20 /* SavedDetailViewController.swift */,
				C0CE11A71BB2A8C00054284B /* Main.storyboard */,
				C07806371CCB3F5700B81015 /* TTSViewController.swift */,
				C03338EA1CC0F141009D729C /* BorderedButton.swift */,
				C03338E81CBF86D1009D729C /* PopUpViewController.swift */,
				C065B41D1CBA2CE100609E54 /* MainViewController.swift */,
				C0CE11AA1BB2A8C00054284B /* Assets.xcassets */,
				C0CE11AC1BB2A8C00054284B /* LaunchScreen.storyboard */,
				C0CE11AF1BB2A8C10054284B /* Info.plist */,
				C0AD8FBC1BD25D960066A8B4 /* DetailViewController.swift */,
				C0E77B371BDC8EFA0062C410 /* Hanja.swift */,
			);
			path = singleview;
			sourceTree = "<group>";
		};
/* End PBXGroup section */

/* Begin PBXNativeTarget section */
		C0CE119F1BB2A8C00054284B /* BabyName */ = {
			isa = PBXNativeTarget;
			buildConfigurationList = C0CE11C81BB2A8C10054284B /* Build configuration list for PBXNativeTarget "BabyName" */;
			buildPhases = (
				C0CE119C1BB2A8C00054284B /* Sources */,
				C0CE119D1BB2A8C00054284B /* Frameworks */,
				C0CE119E1BB2A8C00054284B /* Resources */,
			);
			buildRules = (
			);
			dependencies = (
			);
			name = BabyName;
			productName = singleview;
			productReference = C0CE11A01BB2A8C00054284B /* BabyName.app */;
			productType = "com.apple.product-type.application";
		};
		C0CE11B31BB2A8C10054284B /* BabyNameTests */ = {
			isa = PBXNativeTarget;
			buildConfigurationList = C0CE11CB1BB2A8C10054284B /* Build configuration list for PBXNativeTarget "BabyNameTests" */;
			buildPhases = (
				C0CE11B01BB2A8C10054284B /* Sources */,
				C0CE11B11BB2A8C10054284B /* Frameworks */,
				C0CE11B21BB2A8C10054284B /* Resources */,
			);
			buildRules = (
			);
			dependencies = (
				C0CE11B61BB2A8C10054284B /* PBXTargetDependency */,
			);
			name = BabyNameTests;
			productName = singleviewTests;
			productReference = C0CE11B41BB2A8C10054284B /* BabyName.xctest */;
			productType = "com.apple.product-type.bundle.unit-test";
		};
		C0CE11BE1BB2A8C10054284B /* BabyNameUITests */ = {
			isa = PBXNativeTarget;
			buildConfigurationList = C0CE11CE1BB2A8C10054284B /* Build configuration list for PBXNativeTarget "BabyNameUITests" */;
			buildPhases = (
				C0CE11BB1BB2A8C10054284B /* Sources */,
				C0CE11BC1BB2A8C10054284B /* Frameworks */,
				C0CE11BD1BB2A8C10054284B /* Resources */,
			);
			buildRules = (
			);
			dependencies = (
				C0CE11C11BB2A8C10054284B /* PBXTargetDependency */,
			);
			name = BabyNameUITests;
			productName = singleviewUITests;
			productReference = C0CE11BF1BB2A8C10054284B /* BabyName.xctest */;
			productType = "com.apple.product-type.bundle.ui-testing";
		};
/* End PBXNativeTarget section */

/* Begin PBXProject section */
		C0CE11981BB2A8C00054284B /* Project object */ = {
			isa = PBXProject;
			attributes = {
				LastUpgradeCheck = 1330;
				ORGANIZATIONNAME = pyfamily;
				TargetAttributes = {
					C0CE119F1BB2A8C00054284B = {
						CreatedOnToolsVersion = 7.0;
						DevelopmentTeam = WG2VXYJXTP;
						LastSwiftMigration = 1030;
					};
					C0CE11B31BB2A8C10054284B = {
						CreatedOnToolsVersion = 7.0;
						LastSwiftMigration = 0800;
						TestTargetID = C0CE119F1BB2A8C00054284B;
					};
					C0CE11BE1BB2A8C10054284B = {
						CreatedOnToolsVersion = 7.0;
						LastSwiftMigration = 0800;
						TestTargetID = C0CE119F1BB2A8C00054284B;
					};
				};
			};
			buildConfigurationList = C0CE119B1BB2A8C00054284B /* Build configuration list for PBXProject "BabyName" */;
			compatibilityVersion = "Xcode 10.0";
			developmentRegion = en;
			hasScannedForEncodings = 0;
			knownRegions = (
				en,
				Base,
			);
			mainGroup = C0CE11971BB2A8C00054284B;
			productRefGroup = C0CE11A11BB2A8C00054284B /* Products */;
			projectDirPath = "";
			projectRoot = "";
			targets = (
				C0CE119F1BB2A8C00054284B /* BabyName */,
				C0CE11B31BB2A8C10054284B /* BabyNameTests */,
				C0CE11BE1BB2A8C10054284B /* BabyNameUITests */,
			);
		};
/* End PBXProject section */

/* Begin PBXResourcesBuildPhase section */
		C0CE119E1BB2A8C00054284B /* Resources */ = {
			isa = PBXResourcesBuildPhase;
			buildActionMask = 2147483647;
			files = (
				C0CE11AE1BB2A8C00054284B /* LaunchScreen.storyboard in Resources */,
				C0CE11AB1BB2A8C00054284B /* Assets.xcassets in Resources */,
				C0CE11A91BB2A8C00054284B /* Main.storyboard in Resources */,
			);
			runOnlyForDeploymentPostprocessing = 0;
		};
		C0CE11B21BB2A8C10054284B /* Resources */ = {
			isa = PBXResourcesBuildPhase;
			buildActionMask = 2147483647;
			files = (
			);
			runOnlyForDeploymentPostprocessing = 0;
		};
		C0CE11BD1BB2A8C10054284B /* Resources */ = {
			isa = PBXResourcesBuildPhase;
			buildActionMask = 2147483647;
			files = (
			);
			runOnlyForDeploymentPostprocessing = 0;
		};
/* End PBXResourcesBuildPhase section */

/* Begin PBXSourcesBuildPhase section */
		C0CE119C1BB2A8C00054284B /* Sources */ = {
			isa = PBXSourcesBuildPhase;
			buildActionMask = 2147483647;
			files = (
				C0B745DE1CDC976E000881F8 /* RegisterConfirmViewController.swift in Sources */,
				C03338E91CBF86D1009D729C /* PopUpViewController.swift in Sources */,
				C0B698C11C8C1FC30053B768 /* saju.swift in Sources */,
				C08F41171CC4EEB300A69F20 /* SavedDetailViewController.swift in Sources */,
				C0E77B381BDC8EFA0062C410 /* Hanja.swift in Sources */,
				C0CE11A61BB2A8C00054284B /* ViewController.swift in Sources */,
				C050BC871CB8ADE000B2391B /* RegisterViewController.swift in Sources */,
				C03338EB1CC0F141009D729C /* BorderedButton.swift in Sources */,
				C00310D422F6F5FA00E3BD55 /* jolgi.swift in Sources */,
				C08F41151CC4E84900A69F20 /* SavedViewTableController.swift in Sources */,
				C0CE11A41BB2A8C00054284B /* AppDelegate.swift in Sources */,
				C07806381CCB3F5700B81015 /* TTSViewController.swift in Sources */,
				C0AD8FBB1BCFB9560066A8B4 /* MasterViewController.swift in Sources */,
				C0AD8FBD1BD25D970066A8B4 /* DetailViewController.swift in Sources */,
				C065B41E1CBA2CE100609E54 /* MainViewController.swift in Sources */,
			);
			runOnlyForDeploymentPostprocessing = 0;
		};
		C0CE11B01BB2A8C10054284B /* Sources */ = {
			isa = PBXSourcesBuildPhase;
			buildActionMask = 2147483647;
			files = (
			);
			runOnlyForDeploymentPostprocessing = 0;
		};
		C0CE11BB1BB2A8C10054284B /* Sources */ = {
			isa = PBXSourcesBuildPhase;
			buildActionMask = 2147483647;
			files = (
			);
			runOnlyForDeploymentPostprocessing = 0;
		};
/* End PBXSourcesBuildPhase section */

/* Begin PBXTargetDependency section */
		C0CE11B61BB2A8C10054284B /* PBXTargetDependency */ = {
			isa = PBXTargetDependency;
			target = C0CE119F1BB2A8C00054284B /* BabyName */;
			targetProxy = C0CE11B51BB2A8C10054284B /* PBXContainerItemProxy */;
		};
		C0CE11C11BB2A8C10054284B /* PBXTargetDependency */ = {
			isa = PBXTargetDependency;
			target = C0CE119F1BB2A8C00054284B /* BabyName */;
			targetProxy = C0CE11C01BB2A8C10054284B /* PBXContainerItemProxy */;
		};
/* End PBXTargetDependency section */

/* Begin PBXVariantGroup section */
		C0CE11A71BB2A8C00054284B /* Main.storyboard */ = {
			isa = PBXVariantGroup;
			children = (
				C0CE11A81BB2A8C00054284B /* Base */,
			);
			name = Main.storyboard;
			sourceTree = "<group>";
		};
		C0CE11AC1BB2A8C00054284B /* LaunchScreen.storyboard */ = {
			isa = PBXVariantGroup;
			children = (
				C0CE11AD1BB2A8C00054284B /* Base */,
			);
			name = LaunchScreen.storyboard;
			sourceTree = "<group>";
		};
/* End PBXVariantGroup section */

/* Begin XCBuildConfiguration section */
		C0CE11C61BB2A8C10054284B /* Debug */ = {
			isa = XCBuildConfiguration;
			buildSettings = {
				ALWAYS_SEARCH_USER_PATHS = NO;
				CLANG_ANALYZER_LOCALIZABILITY_NONLOCALIZED = YES;
				CLANG_CXX_LANGUAGE_STANDARD = "gnu++0x";
				CLANG_CXX_LIBRARY = "libc++";
				CLANG_ENABLE_MODULES = YES;
				CLANG_ENABLE_OBJC_ARC = YES;
				CLANG_WARN_BLOCK_CAPTURE_AUTORELEASING = YES;
				CLANG_WARN_BOOL_CONVERSION = YES;
				CLANG_WARN_COMMA = YES;
				CLANG_WARN_CONSTANT_CONVERSION = YES;
				CLANG_WARN_DEPRECATED_OBJC_IMPLEMENTATIONS = YES;
				CLANG_WARN_DIRECT_OBJC_ISA_USAGE = YES_ERROR;
				CLANG_WARN_EMPTY_BODY = YES;
				CLANG_WARN_ENUM_CONVERSION = YES;
				CLANG_WARN_INFINITE_RECURSION = YES;
				CLANG_WARN_INT_CONVERSION = YES;
				CLANG_WARN_NON_LITERAL_NULL_CONVERSION = YES;
				CLANG_WARN_OBJC_IMPLICIT_RETAIN_SELF = YES;
				CLANG_WARN_OBJC_LITERAL_CONVERSION = YES;
				CLANG_WARN_OBJC_ROOT_CLASS = YES_ERROR;
				CLANG_WARN_QUOTED_INCLUDE_IN_FRAMEWORK_HEADER = YES;
				CLANG_WARN_RANGE_LOOP_ANALYSIS = YES;
				CLANG_WARN_STRICT_PROTOTYPES = YES;
				CLANG_WARN_SUSPICIOUS_MOVE = YES;
				CLANG_WARN_UNREACHABLE_CODE = YES;
				CLANG_WARN__DUPLICATE_METHOD_MATCH = YES;
				"CODE_SIGN_IDENTITY[sdk=iphoneos*]" = "iPhone Developer";
				COPY_PHASE_STRIP = NO;
				DEBUG_INFORMATION_FORMAT = dwarf;
				ENABLE_STRICT_OBJC_MSGSEND = YES;
				ENABLE_TESTABILITY = YES;
				GCC_C_LANGUAGE_STANDARD = gnu99;
				GCC_DYNAMIC_NO_PIC = NO;
				GCC_NO_COMMON_BLOCKS = YES;
				GCC_OPTIMIZATION_LEVEL = 0;
				GCC_PREPROCESSOR_DEFINITIONS = (
					"DEBUG=1",
					"$(inherited)",
				);
				GCC_WARN_64_TO_32_BIT_CONVERSION = YES;
				GCC_WARN_ABOUT_RETURN_TYPE = YES_ERROR;
				GCC_WARN_UNDECLARED_SELECTOR = YES;
				GCC_WARN_UNINITIALIZED_AUTOS = YES_AGGRESSIVE;
				GCC_WARN_UNUSED_FUNCTION = YES;
				GCC_WARN_UNUSED_VARIABLE = YES;
				IPHONEOS_DEPLOYMENT_TARGET = 12.0;
				MTL_ENABLE_DEBUG_INFO = YES;
				ONLY_ACTIVE_ARCH = YES;
				SDKROOT = iphoneos;
				SWIFT_OPTIMIZATION_LEVEL = "-Onone";
				SWIFT_VERSION = 5.0;
			};
			name = Debug;
		};
		C0CE11C71BB2A8C10054284B /* Release */ = {
			isa = XCBuildConfiguration;
			buildSettings = {
				ALWAYS_SEARCH_USER_PATHS = NO;
				CLANG_ANALYZER_LOCALIZABILITY_NONLOCALIZED = YES;
				CLANG_CXX_LANGUAGE_STANDARD = "gnu++0x";
				CLANG_CXX_LIBRARY = "libc++";
				CLANG_ENABLE_MODULES = YES;
				CLANG_ENABLE_OBJC_ARC = YES;
				CLANG_WARN_BLOCK_CAPTURE_AUTORELEASING = YES;
				CLANG_WARN_BOOL_CONVERSION = YES;
				CLANG_WARN_COMMA = YES;
				CLANG_WARN_CONSTANT_CONVERSION = YES;
				CLANG_WARN_DEPRECATED_OBJC_IMPLEMENTATIONS = YES;
				CLANG_WARN_DIRECT_OBJC_ISA_USAGE = YES_ERROR;
				CLANG_WARN_EMPTY_BODY = YES;
				CLANG_WARN_ENUM_CONVERSION = YES;
				CLANG_WARN_INFINITE_RECURSION = YES;
				CLANG_WARN_INT_CONVERSION = YES;
				CLANG_WARN_NON_LITERAL_NULL_CONVERSION = YES;
				CLANG_WARN_OBJC_IMPLICIT_RETAIN_SELF = YES;
				CLANG_WARN_OBJC_LITERAL_CONVERSION = YES;
				CLANG_WARN_OBJC_ROOT_CLASS = YES_ERROR;
				CLANG_WARN_QUOTED_INCLUDE_IN_FRAMEWORK_HEADER = YES;
				CLANG_WARN_RANGE_LOOP_ANALYSIS = YES;
				CLANG_WARN_STRICT_PROTOTYPES = YES;
				CLANG_WARN_SUSPICIOUS_MOVE = YES;
				CLANG_WARN_UNREACHABLE_CODE = YES;
				CLANG_WARN__DUPLICATE_METHOD_MATCH = YES;
				"CODE_SIGN_IDENTITY[sdk=iphoneos*]" = "iPhone Developer";
				COPY_PHASE_STRIP = NO;
				DEBUG_INFORMATION_FORMAT = "dwarf-with-dsym";
				ENABLE_NS_ASSERTIONS = NO;
				ENABLE_STRICT_OBJC_MSGSEND = YES;
				GCC_C_LANGUAGE_STANDARD = gnu99;
				GCC_NO_COMMON_BLOCKS = YES;
				GCC_WARN_64_TO_32_BIT_CONVERSION = YES;
				GCC_WARN_ABOUT_RETURN_TYPE = YES_ERROR;
				GCC_WARN_UNDECLARED_SELECTOR = YES;
				GCC_WARN_UNINITIALIZED_AUTOS = YES_AGGRESSIVE;
				GCC_WARN_UNUSED_FUNCTION = YES;
				GCC_WARN_UNUSED_VARIABLE = YES;
				IPHONEOS_DEPLOYMENT_TARGET = 12.0;
				MTL_ENABLE_DEBUG_INFO = NO;
				SDKROOT = iphoneos;
				SWIFT_COMPILATION_MODE = wholemodule;
				SWIFT_VERSION = 5.0;
				VALIDATE_PRODUCT = YES;
			};
			name = Release;
		};
		C0CE11C91BB2A8C10054284B /* Debug */ = {
			isa = XCBuildConfiguration;
			buildSettings = {
				ASSETCATALOG_COMPILER_APPICON_NAME = AppIcon;
				CODE_SIGN_IDENTITY = "iPhone Developer";
				"CODE_SIGN_IDENTITY[sdk=iphoneos*]" = "iPhone Developer";
				INFOPLIST_FILE = singleview/Info.plist;
				IPHONEOS_DEPLOYMENT_TARGET = 12.0;
				LD_RUNPATH_SEARCH_PATHS = (
					"$(inherited)",
					"@executable_path/Frameworks",
				);
				PRODUCT_BUNDLE_IDENTIFIER = com.pyfamily.singleview;
				PRODUCT_NAME = BabyName;
				PROVISIONING_PROFILE = "";
				SWIFT_VERSION = 5.0;
				TARGETED_DEVICE_FAMILY = "1,2";
			};
			name = Debug;
		};
		C0CE11CA1BB2A8C10054284B /* Release */ = {
			isa = XCBuildConfiguration;
			buildSettings = {
				ASSETCATALOG_COMPILER_APPICON_NAME = AppIcon;
				CODE_SIGN_IDENTITY = "iPhone Developer";
				"CODE_SIGN_IDENTITY[sdk=iphoneos*]" = "iPhone Developer";
				INFOPLIST_FILE = singleview/Info.plist;
				IPHONEOS_DEPLOYMENT_TARGET = 12.0;
				LD_RUNPATH_SEARCH_PATHS = (
					"$(inherited)",
					"@executable_path/Frameworks",
				);
				PRODUCT_BUNDLE_IDENTIFIER = com.pyfamily.singleview;
				PRODUCT_NAME = BabyName;
				PROVISIONING_PROFILE = "";
				SWIFT_VERSION = 5.0;
				TARGETED_DEVICE_FAMILY = "1,2";
			};
			name = Release;
		};
		C0CE11CC1BB2A8C10054284B /* Debug */ = {
			isa = XCBuildConfiguration;
			buildSettings = {
				BUNDLE_LOADER = "$(TEST_HOST)";
				INFOPLIST_FILE = singleviewTests/Info.plist;
				LD_RUNPATH_SEARCH_PATHS = (
					"$(inherited)",
					"@executable_path/Frameworks",
					"@loader_path/Frameworks",
				);
				PRODUCT_BUNDLE_IDENTIFIER = com.pyfamily.singleviewTests;
				PRODUCT_NAME = BabyName;
				SWIFT_VERSION = 3.0;
				TEST_HOST = "$(BUILT_PRODUCTS_DIR)/BabyName.app/BabyName";
			};
			name = Debug;
		};
		C0CE11CD1BB2A8C10054284B /* Release */ = {
			isa = XCBuildConfiguration;
			buildSettings = {
				BUNDLE_LOADER = "$(TEST_HOST)";
				INFOPLIST_FILE = singleviewTests/Info.plist;
				LD_RUNPATH_SEARCH_PATHS = (
					"$(inherited)",
					"@executable_path/Frameworks",
					"@loader_path/Frameworks",
				);
				PRODUCT_BUNDLE_IDENTIFIER = com.pyfamily.singleviewTests;
				PRODUCT_NAME = BabyName;
				SWIFT_VERSION = 3.0;
				TEST_HOST = "$(BUILT_PRODUCTS_DIR)/BabyName.app/BabyName";
			};
			name = Release;
		};
		C0CE11CF1BB2A8C10054284B /* Debug */ = {
			isa = XCBuildConfiguration;
			buildSettings = {
				INFOPLIST_FILE = singleviewUITests/Info.plist;
				LD_RUNPATH_SEARCH_PATHS = (
					"$(inherited)",
					"@executable_path/Frameworks",
					"@loader_path/Frameworks",
				);
				PRODUCT_BUNDLE_IDENTIFIER = com.pyfamily.singleviewUITests;
				PRODUCT_NAME = BabyName;
				SWIFT_VERSION = 3.0;
				TEST_TARGET_NAME = singleview;
				USES_XCTRUNNER = YES;
			};
			name = Debug;
		};
		C0CE11D01BB2A8C10054284B /* Release */ = {
			isa = XCBuildConfiguration;
			buildSettings = {
				INFOPLIST_FILE = singleviewUITests/Info.plist;
				LD_RUNPATH_SEARCH_PATHS = (
					"$(inherited)",
					"@executable_path/Frameworks",
					"@loader_path/Frameworks",
				);
				PRODUCT_BUNDLE_IDENTIFIER = com.pyfamily.singleviewUITests;
				PRODUCT_NAME = BabyName;
				SWIFT_VERSION = 3.0;
				TEST_TARGET_NAME = singleview;
				USES_XCTRUNNER = YES;
			};
			name = Release;
		};
/* End XCBuildConfiguration section */

/* Begin XCConfigurationList section */
		C0CE119B1BB2A8C00054284B /* Build configuration list for PBXProject "BabyName" */ = {
			isa = XCConfigurationList;
			buildConfigurations = (
				C0CE11C61BB2A8C10054284B /* Debug */,
				C0CE11C71BB2A8C10054284B /* Release */,
			);
			defaultConfigurationIsVisible = 0;
			defaultConfigurationName = Release;
		};
		C0CE11C81BB2A8C10054284B /* Build configuration list for PBXNativeTarget "BabyName" */ = {
			isa = XCConfigurationList;
			buildConfigurations = (
				C0CE11C91BB2A8C10054284B /* Debug */,
				C0CE11CA1BB2A8C10054284B /* Release */,
			);
			defaultConfigurationIsVisible = 0;
			defaultConfigurationName = Release;
		};
		C0CE11CB1BB2A8C10054284B /* Build configuration list for PBXNativeTarget "BabyNameTests" */ = {
			isa = XCConfigurationList;
			buildConfigurations = (
				C0CE11CC1BB2A8C10054284B /* Debug */,
				C0CE11CD1BB2A8C10054284B /* Release */,
			);
			defaultConfigurationIsVisible = 0;
			defaultConfigurationName = Release;
		};
		C0CE11CE1BB2A8C10054284B /* Build configuration list for PBXNativeTarget "BabyNameUITests" */ = {
			isa = XCConfigurationList;
			buildConfigurations = (
				C0CE11CF1BB2A8C10054284B /* Debug */,
				C0CE11D01BB2A8C10054284B /* Release */,
			);
			defaultConfigurationIsVisible = 0;
			defaultConfigurationName = Release;
		};
/* End XCConfigurationList section */
	};
	rootObject = C0CE11981BB2A8C00054284B /* Project object */;
}
