// !$*UTF8*$!
{
	archiveVersion = 1;
	classes = {
	};
	objectVersion = 55;
	objects = {

/* Begin PBXBuildFile section */
		9B1BFC232878F90A00EA8573 /* Hanja.swift in Sources */ = {isa = PBXBuildFile; fileRef = 9B1BFC222878F90A00EA8573 /* Hanja.swift */; };
		9B1BFC252879699300EA8573 /* RegisterInfo.swift in Sources */ = {isa = PBXBuildFile; fileRef = 9B1BFC242879699300EA8573 /* RegisterInfo.swift */; };
		9BEFFFDE2855C0340023DC08 /* saju.swift in Sources */ = {isa = PBXBuildFile; fileRef = 9BEFFFDC2855C0340023DC08 /* saju.swift */; };
		9BEFFFDF2855C0340023DC08 /* jolgi.swift in Sources */ = {isa = PBXBuildFile; fileRef = 9BEFFFDD2855C0340023DC08 /* jolgi.swift */; };
		9BEFFFE62856B7B20023DC08 /* RegisterView.swift in Sources */ = {isa = PBXBuildFile; fileRef = 9BEFFFE52856B7B20023DC08 /* RegisterView.swift */; };
		E10D3CC1283ED1120086DF59 /* DeeplinkManager.swift in Sources */ = {isa = PBXBuildFile; fileRef = E10D3CC0283ED1120086DF59 /* DeeplinkManager.swift */; };
		E10D3CC4283EDCA90086DF59 /* HeadsUpCarView.swift in Sources */ = {isa = PBXBuildFile; fileRef = E10D3CC3283EDCA90086DF59 /* HeadsUpCarView.swift */; };
		E10D3CC6283EDD470086DF59 /* HomeView.swift in Sources */ = {isa = PBXBuildFile; fileRef = E10D3CC5283EDD470086DF59 /* HomeView.swift */; };
		E10D3CC8283EF6A10086DF59 /* HeadsUpDetailView.swift in Sources */ = {isa = PBXBuildFile; fileRef = E10D3CC7283EF6A10086DF59 /* HeadsUpDetailView.swift */; };
		E10D3CCA283EF8E00086DF59 /* AssetsView.swift in Sources */ = {isa = PBXBuildFile; fileRef = E10D3CC9283EF8E00086DF59 /* AssetsView.swift */; };
		E193BEBE283DB3D50076133B /* NewFeaturesApp.swift in Sources */ = {isa = PBXBuildFile; fileRef = E193BEBD283DB3D50076133B /* NewFeaturesApp.swift */; };
		E193BEC2283DB3D60076133B /* Assets.xcassets in Resources */ = {isa = PBXBuildFile; fileRef = E193BEC1283DB3D60076133B /* Assets.xcassets */; };
		E193BEC5283DB3D60076133B /* Preview Assets.xcassets in Resources */ = {isa = PBXBuildFile; fileRef = E193BEC4283DB3D60076133B /* Preview Assets.xcassets */; };
		E193BECF283DB3D60076133B /* NewFeaturesTests.swift in Sources */ = {isa = PBXBuildFile; fileRef = E193BECE283DB3D60076133B /* NewFeaturesTests.swift */; };
		E193BED9283DB3D60076133B /* NewFeaturesUITests.swift in Sources */ = {isa = PBXBuildFile; fileRef = E193BED8283DB3D60076133B /* NewFeaturesUITests.swift */; };
		E193BEDB283DB3D60076133B /* NewFeaturesUITestsLaunchTests.swift in Sources */ = {isa = PBXBuildFile; fileRef = E193BEDA283DB3D60076133B /* NewFeaturesUITestsLaunchTests.swift */; };
		E193BEEA283DB4210076133B /* APIClient.swift in Sources */ = {isa = PBXBuildFile; fileRef = E193BEE9283DB4210076133B /* APIClient.swift */; };
		E193BEEF283DB4E40076133B /* FeaturesResponse.swift in Sources */ = {isa = PBXBuildFile; fileRef = E193BEEE283DB4E40076133B /* FeaturesResponse.swift */; };
		E193BEF1283DB56A0076133B /* Feature.swift in Sources */ = {isa = PBXBuildFile; fileRef = E193BEF0283DB56A0076133B /* Feature.swift */; };
		E193BEF3283DBE690076133B /* RootView.swift in Sources */ = {isa = PBXBuildFile; fileRef = E193BEF2283DBE690076133B /* RootView.swift */; };
		E193BEF5283DBEB90076133B /* MoreView.swift in Sources */ = {isa = PBXBuildFile; fileRef = E193BEF4283DBEB90076133B /* MoreView.swift */; };
		E193BEF7283DBEF20076133B /* EmptyView.swift in Sources */ = {isa = PBXBuildFile; fileRef = E193BEF6283DBEF20076133B /* EmptyView.swift */; };
		E193BEF9283DC1430076133B /* FeatureCellView.swift in Sources */ = {isa = PBXBuildFile; fileRef = E193BEF8283DC1430076133B /* FeatureCellView.swift */; };
		E193BEFB283DC9E10076133B /* FeaturesView.swift in Sources */ = {isa = PBXBuildFile; fileRef = E193BEFA283DC9E10076133B /* FeaturesView.swift */; };
		E193BEFD283DCF6C0076133B /* FeatureDetailView.swift in Sources */ = {isa = PBXBuildFile; fileRef = E193BEFC283DCF6C0076133B /* FeatureDetailView.swift */; };
/* End PBXBuildFile section */

/* Begin PBXContainerItemProxy section */
		E193BECB283DB3D60076133B /* PBXContainerItemProxy */ = {
			isa = PBXContainerItemProxy;
			containerPortal = E193BEB2283DB3D50076133B /* Project object */;
			proxyType = 1;
			remoteGlobalIDString = E193BEB9283DB3D50076133B;
			remoteInfo = NewFeatures;
		};
		E193BED5283DB3D60076133B /* PBXContainerItemProxy */ = {
			isa = PBXContainerItemProxy;
			containerPortal = E193BEB2283DB3D50076133B /* Project object */;
			proxyType = 1;
			remoteGlobalIDString = E193BEB9283DB3D50076133B;
			remoteInfo = NewFeatures;
		};
/* End PBXContainerItemProxy section */

/* Begin PBXFileReference section */
		9B1BFC222878F90A00EA8573 /* Hanja.swift */ = {isa = PBXFileReference; fileEncoding = 4; lastKnownFileType = sourcecode.swift; path = Hanja.swift; sourceTree = "<group>"; };
		9B1BFC242879699300EA8573 /* RegisterInfo.swift */ = {isa = PBXFileReference; lastKnownFileType = sourcecode.swift; path = RegisterInfo.swift; sourceTree = "<group>"; };
		9BEFFFDC2855C0340023DC08 /* saju.swift */ = {isa = PBXFileReference; fileEncoding = 4; lastKnownFileType = sourcecode.swift; path = saju.swift; sourceTree = "<group>"; };
		9BEFFFDD2855C0340023DC08 /* jolgi.swift */ = {isa = PBXFileReference; fileEncoding = 4; lastKnownFileType = sourcecode.swift; path = jolgi.swift; sourceTree = "<group>"; };
		9BEFFFE52856B7B20023DC08 /* RegisterView.swift */ = {isa = PBXFileReference; lastKnownFileType = sourcecode.swift; path = RegisterView.swift; sourceTree = "<group>"; };
		E10D3CC0283ED1120086DF59 /* DeeplinkManager.swift */ = {isa = PBXFileReference; lastKnownFileType = sourcecode.swift; path = DeeplinkManager.swift; sourceTree = "<group>"; };
		E10D3CC2283ED7A00086DF59 /* Info.plist */ = {isa = PBXFileReference; lastKnownFileType = text.plist; path = Info.plist; sourceTree = "<group>"; };
		E10D3CC3283EDCA90086DF59 /* HeadsUpCarView.swift */ = {isa = PBXFileReference; lastKnownFileType = sourcecode.swift; path = HeadsUpCarView.swift; sourceTree = "<group>"; };
		E10D3CC5283EDD470086DF59 /* HomeView.swift */ = {isa = PBXFileReference; lastKnownFileType = sourcecode.swift; path = HomeView.swift; sourceTree = "<group>"; };
		E10D3CC7283EF6A10086DF59 /* HeadsUpDetailView.swift */ = {isa = PBXFileReference; lastKnownFileType = sourcecode.swift; path = HeadsUpDetailView.swift; sourceTree = "<group>"; };
		E10D3CC9283EF8E00086DF59 /* AssetsView.swift */ = {isa = PBXFileReference; lastKnownFileType = sourcecode.swift; path = AssetsView.swift; sourceTree = "<group>"; };
		E193BEBA283DB3D50076133B /* NewFeatures.app */ = {isa = PBXFileReference; explicitFileType = wrapper.application; includeInIndex = 0; path = NewFeatures.app; sourceTree = BUILT_PRODUCTS_DIR; };
		E193BEBD283DB3D50076133B /* NewFeaturesApp.swift */ = {isa = PBXFileReference; lastKnownFileType = sourcecode.swift; path = NewFeaturesApp.swift; sourceTree = "<group>"; };
		E193BEC1283DB3D60076133B /* Assets.xcassets */ = {isa = PBXFileReference; lastKnownFileType = folder.assetcatalog; path = Assets.xcassets; sourceTree = "<group>"; };
		E193BEC4283DB3D60076133B /* Preview Assets.xcassets */ = {isa = PBXFileReference; lastKnownFileType = folder.assetcatalog; path = "Preview Assets.xcassets"; sourceTree = "<group>"; };
		E193BECA283DB3D60076133B /* NewFeaturesTests.xctest */ = {isa = PBXFileReference; explicitFileType = wrapper.cfbundle; includeInIndex = 0; path = NewFeaturesTests.xctest; sourceTree = BUILT_PRODUCTS_DIR; };
		E193BECE283DB3D60076133B /* NewFeaturesTests.swift */ = {isa = PBXFileReference; lastKnownFileType = sourcecode.swift; path = NewFeaturesTests.swift; sourceTree = "<group>"; };
		E193BED4283DB3D60076133B /* NewFeaturesUITests.xctest */ = {isa = PBXFileReference; explicitFileType = wrapper.cfbundle; includeInIndex = 0; path = NewFeaturesUITests.xctest; sourceTree = BUILT_PRODUCTS_DIR; };
		E193BED8283DB3D60076133B /* NewFeaturesUITests.swift */ = {isa = PBXFileReference; lastKnownFileType = sourcecode.swift; path = NewFeaturesUITests.swift; sourceTree = "<group>"; };
		E193BEDA283DB3D60076133B /* NewFeaturesUITestsLaunchTests.swift */ = {isa = PBXFileReference; lastKnownFileType = sourcecode.swift; path = NewFeaturesUITestsLaunchTests.swift; sourceTree = "<group>"; };
		E193BEE9283DB4210076133B /* APIClient.swift */ = {isa = PBXFileReference; lastKnownFileType = sourcecode.swift; path = APIClient.swift; sourceTree = "<group>"; };
		E193BEEE283DB4E40076133B /* FeaturesResponse.swift */ = {isa = PBXFileReference; lastKnownFileType = sourcecode.swift; path = FeaturesResponse.swift; sourceTree = "<group>"; };
		E193BEF0283DB56A0076133B /* Feature.swift */ = {isa = PBXFileReference; lastKnownFileType = sourcecode.swift; path = Feature.swift; sourceTree = "<group>"; };
		E193BEF2283DBE690076133B /* RootView.swift */ = {isa = PBXFileReference; lastKnownFileType = sourcecode.swift; path = RootView.swift; sourceTree = "<group>"; };
		E193BEF4283DBEB90076133B /* MoreView.swift */ = {isa = PBXFileReference; lastKnownFileType = sourcecode.swift; path = MoreView.swift; sourceTree = "<group>"; };
		E193BEF6283DBEF20076133B /* EmptyView.swift */ = {isa = PBXFileReference; lastKnownFileType = sourcecode.swift; path = EmptyView.swift; sourceTree = "<group>"; };
		E193BEF8283DC1430076133B /* FeatureCellView.swift */ = {isa = PBXFileReference; lastKnownFileType = sourcecode.swift; path = FeatureCellView.swift; sourceTree = "<group>"; };
		E193BEFA283DC9E10076133B /* FeaturesView.swift */ = {isa = PBXFileReference; lastKnownFileType = sourcecode.swift; path = FeaturesView.swift; sourceTree = "<group>"; };
		E193BEFC283DCF6C0076133B /* FeatureDetailView.swift */ = {isa = PBXFileReference; lastKnownFileType = sourcecode.swift; path = FeatureDetailView.swift; sourceTree = "<group>"; };
/* End PBXFileReference section */

/* Begin PBXFrameworksBuildPhase section */
		E193BEB7283DB3D50076133B /* Frameworks */ = {
			isa = PBXFrameworksBuildPhase;
			buildActionMask = 2147483647;
			files = (
			);
			runOnlyForDeploymentPostprocessing = 0;
		};
		E193BEC7283DB3D60076133B /* Frameworks */ = {
			isa = PBXFrameworksBuildPhase;
			buildActionMask = 2147483647;
			files = (
			);
			runOnlyForDeploymentPostprocessing = 0;
		};
		E193BED1283DB3D60076133B /* Frameworks */ = {
			isa = PBXFrameworksBuildPhase;
			buildActionMask = 2147483647;
			files = (
			);
			runOnlyForDeploymentPostprocessing = 0;
		};
/* End PBXFrameworksBuildPhase section */

/* Begin PBXGroup section */
		E10D3CBF283ED0FB0086DF59 /* Deeplinking */ = {
			isa = PBXGroup;
			children = (
				E10D3CC0283ED1120086DF59 /* DeeplinkManager.swift */,
			);
			path = Deeplinking;
			sourceTree = "<group>";
		};
		E193BEB1283DB3D50076133B = {
			isa = PBXGroup;
			children = (
				E193BEBC283DB3D50076133B /* NewFeatures */,
				E193BECD283DB3D60076133B /* NewFeaturesTests */,
				E193BED7283DB3D60076133B /* NewFeaturesUITests */,
				E193BEBB283DB3D50076133B /* Products */,
			);
			sourceTree = "<group>";
		};
		E193BEBB283DB3D50076133B /* Products */ = {
			isa = PBXGroup;
			children = (
				E193BEBA283DB3D50076133B /* NewFeatures.app */,
				E193BECA283DB3D60076133B /* NewFeaturesTests.xctest */,
				E193BED4283DB3D60076133B /* NewFeaturesUITests.xctest */,
			);
			name = Products;
			sourceTree = "<group>";
		};
		E193BEBC283DB3D50076133B /* NewFeatures */ = {
			isa = PBXGroup;
			children = (
				E10D3CC2283ED7A00086DF59 /* Info.plist */,
				E10D3CBF283ED0FB0086DF59 /* Deeplinking */,
				E193BEEB283DB44F0076133B /* Models */,
				E193BEE8283DB4030076133B /* Networking */,
				E193BEE7283DB3F90076133B /* Views */,
				E193BEBD283DB3D50076133B /* NewFeaturesApp.swift */,
				E193BEC1283DB3D60076133B /* Assets.xcassets */,
				E193BEC3283DB3D60076133B /* Preview Content */,
			);
			path = NewFeatures;
			sourceTree = "<group>";
		};
		E193BEC3283DB3D60076133B /* Preview Content */ = {
			isa = PBXGroup;
			children = (
				E193BEC4283DB3D60076133B /* Preview Assets.xcassets */,
			);
			path = "Preview Content";
			sourceTree = "<group>";
		};
		E193BECD283DB3D60076133B /* NewFeaturesTests */ = {
			isa = PBXGroup;
			children = (
				E193BECE283DB3D60076133B /* NewFeaturesTests.swift */,
			);
			path = NewFeaturesTests;
			sourceTree = "<group>";
		};
		E193BED7283DB3D60076133B /* NewFeaturesUITests */ = {
			isa = PBXGroup;
			children = (
				E193BED8283DB3D60076133B /* NewFeaturesUITests.swift */,
				E193BEDA283DB3D60076133B /* NewFeaturesUITestsLaunchTests.swift */,
			);
			path = NewFeaturesUITests;
			sourceTree = "<group>";
		};
		E193BEE7283DB3F90076133B /* Views */ = {
			isa = PBXGroup;
			children = (
				E193BEF2283DBE690076133B /* RootView.swift */,
				E193BEF4283DBEB90076133B /* MoreView.swift */,
				E193BEF6283DBEF20076133B /* EmptyView.swift */,
				E193BEF8283DC1430076133B /* FeatureCellView.swift */,
				E193BEFA283DC9E10076133B /* FeaturesView.swift */,
				E193BEFC283DCF6C0076133B /* FeatureDetailView.swift */,
				E10D3CC3283EDCA90086DF59 /* HeadsUpCarView.swift */,
				E10D3CC5283EDD470086DF59 /* HomeView.swift */,
				E10D3CC7283EF6A10086DF59 /* HeadsUpDetailView.swift */,
				E10D3CC9283EF8E00086DF59 /* AssetsView.swift */,
				9BEFFFE52856B7B20023DC08 /* RegisterView.swift */,
			);
			path = Views;
			sourceTree = "<group>";
		};
		E193BEE8283DB4030076133B /* Networking */ = {
			isa = PBXGroup;
			children = (
				E193BEE9283DB4210076133B /* APIClient.swift */,
				E193BEEE283DB4E40076133B /* FeaturesResponse.swift */,
			);
			path = Networking;
			sourceTree = "<group>";
		};
		E193BEEB283DB44F0076133B /* Models */ = {
			isa = PBXGroup;
			children = (
				9B1BFC222878F90A00EA8573 /* Hanja.swift */,
				9BEFFFDD2855C0340023DC08 /* jolgi.swift */,
				9BEFFFDC2855C0340023DC08 /* saju.swift */,
				E193BEF0283DB56A0076133B /* Feature.swift */,
				9B1BFC242879699300EA8573 /* RegisterInfo.swift */,
			);
			path = Models;
			sourceTree = "<group>";
		};
/* End PBXGroup section */

/* Begin PBXNativeTarget section */
		E193BEB9283DB3D50076133B /* NewFeatures */ = {
			isa = PBXNativeTarget;
			buildConfigurationList = E193BEDE283DB3D60076133B /* Build configuration list for PBXNativeTarget "NewFeatures" */;
			buildPhases = (
				E193BEB6283DB3D50076133B /* Sources */,
				E193BEB7283DB3D50076133B /* Frameworks */,
				E193BEB8283DB3D50076133B /* Resources */,
			);
			buildRules = (
			);
			dependencies = (
			);
			name = NewFeatures;
			productName = NewFeatures;
			productReference = E193BEBA283DB3D50076133B /* NewFeatures.app */;
			productType = "com.apple.product-type.application";
		};
		E193BEC9283DB3D60076133B /* NewFeaturesTests */ = {
			isa = PBXNativeTarget;
			buildConfigurationList = E193BEE1283DB3D60076133B /* Build configuration list for PBXNativeTarget "NewFeaturesTests" */;
			buildPhases = (
				E193BEC6283DB3D60076133B /* Sources */,
				E193BEC7283DB3D60076133B /* Frameworks */,
				E193BEC8283DB3D60076133B /* Resources */,
			);
			buildRules = (
			);
			dependencies = (
				E193BECC283DB3D60076133B /* PBXTargetDependency */,
			);
			name = NewFeaturesTests;
			productName = NewFeaturesTests;
			productReference = E193BECA283DB3D60076133B /* NewFeaturesTests.xctest */;
			productType = "com.apple.product-type.bundle.unit-test";
		};
		E193BED3283DB3D60076133B /* NewFeaturesUITests */ = {
			isa = PBXNativeTarget;
			buildConfigurationList = E193BEE4283DB3D60076133B /* Build configuration list for PBXNativeTarget "NewFeaturesUITests" */;
			buildPhases = (
				E193BED0283DB3D60076133B /* Sources */,
				E193BED1283DB3D60076133B /* Frameworks */,
				E193BED2283DB3D60076133B /* Resources */,
			);
			buildRules = (
			);
			dependencies = (
				E193BED6283DB3D60076133B /* PBXTargetDependency */,
			);
			name = NewFeaturesUITests;
			productName = NewFeaturesUITests;
			productReference = E193BED4283DB3D60076133B /* NewFeaturesUITests.xctest */;
			productType = "com.apple.product-type.bundle.ui-testing";
		};
/* End PBXNativeTarget section */

/* Begin PBXProject section */
		E193BEB2283DB3D50076133B /* Project object */ = {
			isa = PBXProject;
			attributes = {
				BuildIndependentTargetsInParallel = 1;
				LastSwiftUpdateCheck = 1340;
				LastUpgradeCheck = 1340;
				TargetAttributes = {
					E193BEB9283DB3D50076133B = {
						CreatedOnToolsVersion = 13.4;
					};
					E193BEC9283DB3D60076133B = {
						CreatedOnToolsVersion = 13.4;
						TestTargetID = E193BEB9283DB3D50076133B;
					};
					E193BED3283DB3D60076133B = {
						CreatedOnToolsVersion = 13.4;
						TestTargetID = E193BEB9283DB3D50076133B;
					};
				};
			};
			buildConfigurationList = E193BEB5283DB3D50076133B /* Build configuration list for PBXProject "NewFeatures" */;
			compatibilityVersion = "Xcode 13.0";
			developmentRegion = en;
			hasScannedForEncodings = 0;
			knownRegions = (
				en,
				Base,
			);
			mainGroup = E193BEB1283DB3D50076133B;
			productRefGroup = E193BEBB283DB3D50076133B /* Products */;
			projectDirPath = "";
			projectRoot = "";
			targets = (
				E193BEB9283DB3D50076133B /* NewFeatures */,
				E193BEC9283DB3D60076133B /* NewFeaturesTests */,
				E193BED3283DB3D60076133B /* NewFeaturesUITests */,
			);
		};
/* End PBXProject section */

/* Begin PBXResourcesBuildPhase section */
		E193BEB8283DB3D50076133B /* Resources */ = {
			isa = PBXResourcesBuildPhase;
			buildActionMask = 2147483647;
			files = (
				E193BEC5283DB3D60076133B /* Preview Assets.xcassets in Resources */,
				E193BEC2283DB3D60076133B /* Assets.xcassets in Resources */,
			);
			runOnlyForDeploymentPostprocessing = 0;
		};
		E193BEC8283DB3D60076133B /* Resources */ = {
			isa = PBXResourcesBuildPhase;
			buildActionMask = 2147483647;
			files = (
			);
			runOnlyForDeploymentPostprocessing = 0;
		};
		E193BED2283DB3D60076133B /* Resources */ = {
			isa = PBXResourcesBuildPhase;
			buildActionMask = 2147483647;
			files = (
			);
			runOnlyForDeploymentPostprocessing = 0;
		};
/* End PBXResourcesBuildPhase section */

/* Begin PBXSourcesBuildPhase section */
		E193BEB6283DB3D50076133B /* Sources */ = {
			isa = PBXSourcesBuildPhase;
			buildActionMask = 2147483647;
			files = (
				E193BEBE283DB3D50076133B /* NewFeaturesApp.swift in Sources */,
				E193BEF5283DBEB90076133B /* MoreView.swift in Sources */,
				9B1BFC252879699300EA8573 /* RegisterInfo.swift in Sources */,
				9BEFFFDF2855C0340023DC08 /* jolgi.swift in Sources */,
				E10D3CC6283EDD470086DF59 /* HomeView.swift in Sources */,
				E193BEF3283DBE690076133B /* RootView.swift in Sources */,
				E193BEF1283DB56A0076133B /* Feature.swift in Sources */,
				E193BEEA283DB4210076133B /* APIClient.swift in Sources */,
				E193BEF7283DBEF20076133B /* EmptyView.swift in Sources */,
				E193BEEF283DB4E40076133B /* FeaturesResponse.swift in Sources */,
				9BEFFFE62856B7B20023DC08 /* RegisterView.swift in Sources */,
				9BEFFFDE2855C0340023DC08 /* saju.swift in Sources */,
				E193BEF9283DC1430076133B /* FeatureCellView.swift in Sources */,
				9B1BFC232878F90A00EA8573 /* Hanja.swift in Sources */,
				E193BEFD283DCF6C0076133B /* FeatureDetailView.swift in Sources */,
				E193BEFB283DC9E10076133B /* FeaturesView.swift in Sources */,
				E10D3CCA283EF8E00086DF59 /* AssetsView.swift in Sources */,
				E10D3CC4283EDCA90086DF59 /* HeadsUpCarView.swift in Sources */,
				E10D3CC8283EF6A10086DF59 /* HeadsUpDetailView.swift in Sources */,
				E10D3CC1283ED1120086DF59 /* DeeplinkManager.swift in Sources */,
			);
			runOnlyForDeploymentPostprocessing = 0;
		};
		E193BEC6283DB3D60076133B /* Sources */ = {
			isa = PBXSourcesBuildPhase;
			buildActionMask = 2147483647;
			files = (
				E193BECF283DB3D60076133B /* NewFeaturesTests.swift in Sources */,
			);
			runOnlyForDeploymentPostprocessing = 0;
		};
		E193BED0283DB3D60076133B /* Sources */ = {
			isa = PBXSourcesBuildPhase;
			buildActionMask = 2147483647;
			files = (
				E193BEDB283DB3D60076133B /* NewFeaturesUITestsLaunchTests.swift in Sources */,
				E193BED9283DB3D60076133B /* NewFeaturesUITests.swift in Sources */,
			);
			runOnlyForDeploymentPostprocessing = 0;
		};
/* End PBXSourcesBuildPhase section */

/* Begin PBXTargetDependency section */
		E193BECC283DB3D60076133B /* PBXTargetDependency */ = {
			isa = PBXTargetDependency;
			target = E193BEB9283DB3D50076133B /* NewFeatures */;
			targetProxy = E193BECB283DB3D60076133B /* PBXContainerItemProxy */;
		};
		E193BED6283DB3D60076133B /* PBXTargetDependency */ = {
			isa = PBXTargetDependency;
			target = E193BEB9283DB3D50076133B /* NewFeatures */;
			targetProxy = E193BED5283DB3D60076133B /* PBXContainerItemProxy */;
		};
/* End PBXTargetDependency section */

/* Begin XCBuildConfiguration section */
		E193BEDC283DB3D60076133B /* Debug */ = {
			isa = XCBuildConfiguration;
			buildSettings = {
				ALWAYS_SEARCH_USER_PATHS = NO;
				CLANG_ANALYZER_NONNULL = YES;
				CLANG_ANALYZER_NUMBER_OBJECT_CONVERSION = YES_AGGRESSIVE;
				CLANG_CXX_LANGUAGE_STANDARD = "gnu++17";
				CLANG_ENABLE_MODULES = YES;
				CLANG_ENABLE_OBJC_ARC = YES;
				CLANG_ENABLE_OBJC_WEAK = YES;
				CLANG_WARN_BLOCK_CAPTURE_AUTORELEASING = YES;
				CLANG_WARN_BOOL_CONVERSION = YES;
				CLANG_WARN_COMMA = YES;
				CLANG_WARN_CONSTANT_CONVERSION = YES;
				CLANG_WARN_DEPRECATED_OBJC_IMPLEMENTATIONS = YES;
				CLANG_WARN_DIRECT_OBJC_ISA_USAGE = YES_ERROR;
				CLANG_WARN_DOCUMENTATION_COMMENTS = YES;
				CLANG_WARN_EMPTY_BODY = YES;
				CLANG_WARN_ENUM_CONVERSION = YES;
				CLANG_WARN_INFINITE_RECURSION = YES;
				CLANG_WARN_INT_CONVERSION = YES;
				CLANG_WARN_NON_LITERAL_NULL_CONVERSION = YES;
				CLANG_WARN_OBJC_IMPLICIT_RETAIN_SELF = YES;
				CLANG_WARN_OBJC_LITERAL_CONVERSION = YES;
				CLANG_WARN_OBJC_ROOT_CLASS = YES_ERROR;
				CLANG_WARN_QUOTED_INCLUDE_IN_FRAMEWORK_HEADER = YES;
				CLANG_WARN_RANGE_LOOP_ANALYSIS = YES;
				CLANG_WARN_STRICT_PROTOTYPES = YES;
				CLANG_WARN_SUSPICIOUS_MOVE = YES;
				CLANG_WARN_UNGUARDED_AVAILABILITY = YES_AGGRESSIVE;
				CLANG_WARN_UNREACHABLE_CODE = YES;
				CLANG_WARN__DUPLICATE_METHOD_MATCH = YES;
				COPY_PHASE_STRIP = NO;
				DEBUG_INFORMATION_FORMAT = dwarf;
				ENABLE_STRICT_OBJC_MSGSEND = YES;
				ENABLE_TESTABILITY = YES;
				GCC_C_LANGUAGE_STANDARD = gnu11;
				GCC_DYNAMIC_NO_PIC = NO;
				GCC_NO_COMMON_BLOCKS = YES;
				GCC_OPTIMIZATION_LEVEL = 0;
				GCC_PREPROCESSOR_DEFINITIONS = (
					"DEBUG=1",
					"$(inherited)",
				);
				GCC_WARN_64_TO_32_BIT_CONVERSION = YES;
				GCC_WARN_ABOUT_RETURN_TYPE = YES_ERROR;
				GCC_WARN_UNDECLARED_SELECTOR = YES;
				GCC_WARN_UNINITIALIZED_AUTOS = YES_AGGRESSIVE;
				GCC_WARN_UNUSED_FUNCTION = YES;
				GCC_WARN_UNUSED_VARIABLE = YES;
				IPHONEOS_DEPLOYMENT_TARGET = 15.4;
				MTL_ENABLE_DEBUG_INFO = INCLUDE_SOURCE;
				MTL_FAST_MATH = YES;
				ONLY_ACTIVE_ARCH = YES;
				SDKROOT = iphoneos;
				SWIFT_ACTIVE_COMPILATION_CONDITIONS = DEBUG;
				SWIFT_OPTIMIZATION_LEVEL = "-Onone";
			};
			name = Debug;
		};
		E193BEDD283DB3D60076133B /* Release */ = {
			isa = XCBuildConfiguration;
			buildSettings = {
				ALWAYS_SEARCH_USER_PATHS = NO;
				CLANG_ANALYZER_NONNULL = YES;
				CLANG_ANALYZER_NUMBER_OBJECT_CONVERSION = YES_AGGRESSIVE;
				CLANG_CXX_LANGUAGE_STANDARD = "gnu++17";
				CLANG_ENABLE_MODULES = YES;
				CLANG_ENABLE_OBJC_ARC = YES;
				CLANG_ENABLE_OBJC_WEAK = YES;
				CLANG_WARN_BLOCK_CAPTURE_AUTORELEASING = YES;
				CLANG_WARN_BOOL_CONVERSION = YES;
				CLANG_WARN_COMMA = YES;
				CLANG_WARN_CONSTANT_CONVERSION = YES;
				CLANG_WARN_DEPRECATED_OBJC_IMPLEMENTATIONS = YES;
				CLANG_WARN_DIRECT_OBJC_ISA_USAGE = YES_ERROR;
				CLANG_WARN_DOCUMENTATION_COMMENTS = YES;
				CLANG_WARN_EMPTY_BODY = YES;
				CLANG_WARN_ENUM_CONVERSION = YES;
				CLANG_WARN_INFINITE_RECURSION = YES;
				CLANG_WARN_INT_CONVERSION = YES;
				CLANG_WARN_NON_LITERAL_NULL_CONVERSION = YES;
				CLANG_WARN_OBJC_IMPLICIT_RETAIN_SELF = YES;
				CLANG_WARN_OBJC_LITERAL_CONVERSION = YES;
				CLANG_WARN_OBJC_ROOT_CLASS = YES_ERROR;
				CLANG_WARN_QUOTED_INCLUDE_IN_FRAMEWORK_HEADER = YES;
				CLANG_WARN_RANGE_LOOP_ANALYSIS = YES;
				CLANG_WARN_STRICT_PROTOTYPES = YES;
				CLANG_WARN_SUSPICIOUS_MOVE = YES;
				CLANG_WARN_UNGUARDED_AVAILABILITY = YES_AGGRESSIVE;
				CLANG_WARN_UNREACHABLE_CODE = YES;
				CLANG_WARN__DUPLICATE_METHOD_MATCH = YES;
				COPY_PHASE_STRIP = NO;
				DEBUG_INFORMATION_FORMAT = "dwarf-with-dsym";
				ENABLE_NS_ASSERTIONS = NO;
				ENABLE_STRICT_OBJC_MSGSEND = YES;
				GCC_C_LANGUAGE_STANDARD = gnu11;
				GCC_NO_COMMON_BLOCKS = YES;
				GCC_WARN_64_TO_32_BIT_CONVERSION = YES;
				GCC_WARN_ABOUT_RETURN_TYPE = YES_ERROR;
				GCC_WARN_UNDECLARED_SELECTOR = YES;
				GCC_WARN_UNINITIALIZED_AUTOS = YES_AGGRESSIVE;
				GCC_WARN_UNUSED_FUNCTION = YES;
				GCC_WARN_UNUSED_VARIABLE = YES;
				IPHONEOS_DEPLOYMENT_TARGET = 15.4;
				MTL_ENABLE_DEBUG_INFO = NO;
				MTL_FAST_MATH = YES;
				SDKROOT = iphoneos;
				SWIFT_COMPILATION_MODE = wholemodule;
				SWIFT_OPTIMIZATION_LEVEL = "-O";
				VALIDATE_PRODUCT = YES;
			};
			name = Release;
		};
		E193BEDF283DB3D60076133B /* Debug */ = {
			isa = XCBuildConfiguration;
			buildSettings = {
				ASSETCATALOG_COMPILER_APPICON_NAME = AppIcon;
				ASSETCATALOG_COMPILER_GLOBAL_ACCENT_COLOR_NAME = AccentColor;
				CODE_SIGN_STYLE = Automatic;
				CURRENT_PROJECT_VERSION = 1;
				DEVELOPMENT_ASSET_PATHS = "\"NewFeatures/Preview Content\"";
				DEVELOPMENT_TEAM = DDRNWB6VN3;
				ENABLE_PREVIEWS = YES;
				GENERATE_INFOPLIST_FILE = YES;
				INFOPLIST_FILE = NewFeatures/Info.plist;
				INFOPLIST_KEY_CFBundleDisplayName = "쉬운작명";
				INFOPLIST_KEY_UIApplicationSceneManifest_Generation = YES;
				INFOPLIST_KEY_UIApplicationSupportsIndirectInputEvents = YES;
				INFOPLIST_KEY_UILaunchScreen_Generation = YES;
				INFOPLIST_KEY_UISupportedInterfaceOrientations_iPad = "UIInterfaceOrientationPortrait UIInterfaceOrientationPortraitUpsideDown UIInterfaceOrientationLandscapeLeft UIInterfaceOrientationLandscapeRight";
				INFOPLIST_KEY_UISupportedInterfaceOrientations_iPhone = "UIInterfaceOrientationPortrait UIInterfaceOrientationLandscapeLeft UIInterfaceOrientationLandscapeRight";
				LD_RUNPATH_SEARCH_PATHS = (
					"$(inherited)",
					"@executable_path/Frameworks",
				);
				MARKETING_VERSION = 1.0;
				PRODUCT_BUNDLE_IDENTIFIER = com.hackathon.NewFeatures;
				PRODUCT_NAME = "$(TARGET_NAME)";
				SWIFT_EMIT_LOC_STRINGS = YES;
				SWIFT_VERSION = 5.0;
				TARGETED_DEVICE_FAMILY = "1,2";
			};
			name = Debug;
		};
		E193BEE0283DB3D60076133B /* Release */ = {
			isa = XCBuildConfiguration;
			buildSettings = {
				ASSETCATALOG_COMPILER_APPICON_NAME = AppIcon;
				ASSETCATALOG_COMPILER_GLOBAL_ACCENT_COLOR_NAME = AccentColor;
				CODE_SIGN_STYLE = Automatic;
				CURRENT_PROJECT_VERSION = 1;
				DEVELOPMENT_ASSET_PATHS = "\"NewFeatures/Preview Content\"";
				DEVELOPMENT_TEAM = DDRNWB6VN3;
				ENABLE_PREVIEWS = YES;
				GENERATE_INFOPLIST_FILE = YES;
				INFOPLIST_FILE = NewFeatures/Info.plist;
				INFOPLIST_KEY_CFBundleDisplayName = "쉬운작명";
				INFOPLIST_KEY_UIApplicationSceneManifest_Generation = YES;
				INFOPLIST_KEY_UIApplicationSupportsIndirectInputEvents = YES;
				INFOPLIST_KEY_UILaunchScreen_Generation = YES;
				INFOPLIST_KEY_UISupportedInterfaceOrientations_iPad = "UIInterfaceOrientationPortrait UIInterfaceOrientationPortraitUpsideDown UIInterfaceOrientationLandscapeLeft UIInterfaceOrientationLandscapeRight";
				INFOPLIST_KEY_UISupportedInterfaceOrientations_iPhone = "UIInterfaceOrientationPortrait UIInterfaceOrientationLandscapeLeft UIInterfaceOrientationLandscapeRight";
				LD_RUNPATH_SEARCH_PATHS = (
					"$(inherited)",
					"@executable_path/Frameworks",
				);
				MARKETING_VERSION = 1.0;
				PRODUCT_BUNDLE_IDENTIFIER = com.hackathon.NewFeatures;
				PRODUCT_NAME = "$(TARGET_NAME)";
				SWIFT_EMIT_LOC_STRINGS = YES;
				SWIFT_VERSION = 5.0;
				TARGETED_DEVICE_FAMILY = "1,2";
			};
			name = Release;
		};
		E193BEE2283DB3D60076133B /* Debug */ = {
			isa = XCBuildConfiguration;
			buildSettings = {
				ALWAYS_EMBED_SWIFT_STANDARD_LIBRARIES = YES;
				BUNDLE_LOADER = "$(TEST_HOST)";
				CODE_SIGN_STYLE = Automatic;
				CURRENT_PROJECT_VERSION = 1;
				DEVELOPMENT_TEAM = DDRNWB6VN3;
				GENERATE_INFOPLIST_FILE = YES;
				IPHONEOS_DEPLOYMENT_TARGET = 15.5;
				MARKETING_VERSION = 1.0;
				PRODUCT_BUNDLE_IDENTIFIER = com.hackathon.NewFeaturesTests;
				PRODUCT_NAME = "$(TARGET_NAME)";
				SWIFT_EMIT_LOC_STRINGS = NO;
				SWIFT_VERSION = 5.0;
				TARGETED_DEVICE_FAMILY = "1,2";
				TEST_HOST = "$(BUILT_PRODUCTS_DIR)/NewFeatures.app/NewFeatures";
			};
			name = Debug;
		};
		E193BEE3283DB3D60076133B /* Release */ = {
			isa = XCBuildConfiguration;
			buildSettings = {
				ALWAYS_EMBED_SWIFT_STANDARD_LIBRARIES = YES;
				BUNDLE_LOADER = "$(TEST_HOST)";
				CODE_SIGN_STYLE = Automatic;
				CURRENT_PROJECT_VERSION = 1;
				DEVELOPMENT_TEAM = DDRNWB6VN3;
				GENERATE_INFOPLIST_FILE = YES;
				IPHONEOS_DEPLOYMENT_TARGET = 15.5;
				MARKETING_VERSION = 1.0;
				PRODUCT_BUNDLE_IDENTIFIER = com.hackathon.NewFeaturesTests;
				PRODUCT_NAME = "$(TARGET_NAME)";
				SWIFT_EMIT_LOC_STRINGS = NO;
				SWIFT_VERSION = 5.0;
				TARGETED_DEVICE_FAMILY = "1,2";
				TEST_HOST = "$(BUILT_PRODUCTS_DIR)/NewFeatures.app/NewFeatures";
			};
			name = Release;
		};
		E193BEE5283DB3D60076133B /* Debug */ = {
			isa = XCBuildConfiguration;
			buildSettings = {
				ALWAYS_EMBED_SWIFT_STANDARD_LIBRARIES = YES;
				CODE_SIGN_STYLE = Automatic;
				CURRENT_PROJECT_VERSION = 1;
				DEVELOPMENT_TEAM = DDRNWB6VN3;
				GENERATE_INFOPLIST_FILE = YES;
				MARKETING_VERSION = 1.0;
				PRODUCT_BUNDLE_IDENTIFIER = com.hackathon.NewFeaturesUITests;
				PRODUCT_NAME = "$(TARGET_NAME)";
				SWIFT_EMIT_LOC_STRINGS = NO;
				SWIFT_VERSION = 5.0;
				TARGETED_DEVICE_FAMILY = "1,2";
				TEST_TARGET_NAME = NewFeatures;
			};
			name = Debug;
		};
		E193BEE6283DB3D60076133B /* Release */ = {
			isa = XCBuildConfiguration;
			buildSettings = {
				ALWAYS_EMBED_SWIFT_STANDARD_LIBRARIES = YES;
				CODE_SIGN_STYLE = Automatic;
				CURRENT_PROJECT_VERSION = 1;
				DEVELOPMENT_TEAM = DDRNWB6VN3;
				GENERATE_INFOPLIST_FILE = YES;
				MARKETING_VERSION = 1.0;
				PRODUCT_BUNDLE_IDENTIFIER = com.hackathon.NewFeaturesUITests;
				PRODUCT_NAME = "$(TARGET_NAME)";
				SWIFT_EMIT_LOC_STRINGS = NO;
				SWIFT_VERSION = 5.0;
				TARGETED_DEVICE_FAMILY = "1,2";
				TEST_TARGET_NAME = NewFeatures;
			};
			name = Release;
		};
/* End XCBuildConfiguration section */

/* Begin XCConfigurationList section */
		E193BEB5283DB3D50076133B /* Build configuration list for PBXProject "NewFeatures" */ = {
			isa = XCConfigurationList;
			buildConfigurations = (
				E193BEDC283DB3D60076133B /* Debug */,
				E193BEDD283DB3D60076133B /* Release */,
			);
			defaultConfigurationIsVisible = 0;
			defaultConfigurationName = Release;
		};
		E193BEDE283DB3D60076133B /* Build configuration list for PBXNativeTarget "NewFeatures" */ = {
			isa = XCConfigurationList;
			buildConfigurations = (
				E193BEDF283DB3D60076133B /* Debug */,
				E193BEE0283DB3D60076133B /* Release */,
			);
			defaultConfigurationIsVisible = 0;
			defaultConfigurationName = Release;
		};
		E193BEE1283DB3D60076133B /* Build configuration list for PBXNativeTarget "NewFeaturesTests" */ = {
			isa = XCConfigurationList;
			buildConfigurations = (
				E193BEE2283DB3D60076133B /* Debug */,
				E193BEE3283DB3D60076133B /* Release */,
			);
			defaultConfigurationIsVisible = 0;
			defaultConfigurationName = Release;
		};
		E193BEE4283DB3D60076133B /* Build configuration list for PBXNativeTarget "NewFeaturesUITests" */ = {
			isa = XCConfigurationList;
			buildConfigurations = (
				E193BEE5283DB3D60076133B /* Debug */,
				E193BEE6283DB3D60076133B /* Release */,
			);
			defaultConfigurationIsVisible = 0;
			defaultConfigurationName = Release;
		};
/* End XCConfigurationList section */
	};
	rootObject = E193BEB2283DB3D50076133B /* Project object */;
}
