// !$*UTF8*$!
{
	archiveVersion = 1;
	classes = {
	};
	objectVersion = 46;
	objects = {

/* Begin PBXBuildFile section */
		C0220E1D1C15881900D21337 /* AppDelegate.swift in Sources */ = {isa = PBXBuildFile; fileRef = C0220E1C1C15881900D21337 /* AppDelegate.swift */; };
		C0220E1F1C15881900D21337 /* ViewController.swift in Sources */ = {isa = PBXBuildFile; fileRef = C0220E1E1C15881900D21337 /* ViewController.swift */; };
		C0220E221C15881900D21337 /* Main.storyboard in Resources */ = {isa = PBXBuildFile; fileRef = C0220E201C15881900D21337 /* Main.storyboard */; };
		C0220E241C15881900D21337 /* Assets.xcassets in Resources */ = {isa = PBXBuildFile; fileRef = C0220E231C15881900D21337 /* Assets.xcassets */; };
		C0220E271C15881900D21337 /* LaunchScreen.storyboard in Resources */ = {isa = PBXBuildFile; fileRef = C0220E251C15881900D21337 /* LaunchScreen.storyboard */; };
		C0220E321C15881900D21337 /* ledmessageTests.swift in Sources */ = {isa = PBXBuildFile; fileRef = C0220E311C15881900D21337 /* ledmessageTests.swift */; };
		C0220E3D1C15881900D21337 /* ledmessageUITests.swift in Sources */ = {isa = PBXBuildFile; fileRef = C0220E3C1C15881900D21337 /* ledmessageUITests.swift */; };
/* End PBXBuildFile section */

/* Begin PBXContainerItemProxy section */
		C0220E2E1C15881900D21337 /* PBXContainerItemProxy */ = {
			isa = PBXContainerItemProxy;
			containerPortal = C0220E111C15881900D21337 /* Project object */;
			proxyType = 1;
			remoteGlobalIDString = C0220E181C15881900D21337;
			remoteInfo = ledmessage;
		};
		C0220E391C15881900D21337 /* PBXContainerItemProxy */ = {
			isa = PBXContainerItemProxy;
			containerPortal = C0220E111C15881900D21337 /* Project object */;
			proxyType = 1;
			remoteGlobalIDString = C0220E181C15881900D21337;
			remoteInfo = ledmessage;
		};
/* End PBXContainerItemProxy section */

/* Begin PBXFileReference section */
		C0220E191C15881900D21337 /* ledmessage.app */ = {isa = PBXFileReference; explicitFileType = wrapper.application; includeInIndex = 0; path = ledmessage.app; sourceTree = BUILT_PRODUCTS_DIR; };
		C0220E1C1C15881900D21337 /* AppDelegate.swift */ = {isa = PBXFileReference; lastKnownFileType = sourcecode.swift; path = AppDelegate.swift; sourceTree = "<group>"; };
		C0220E1E1C15881900D21337 /* ViewController.swift */ = {isa = PBXFileReference; lastKnownFileType = sourcecode.swift; path = ViewController.swift; sourceTree = "<group>"; };
		C0220E211C15881900D21337 /* Base */ = {isa = PBXFileReference; lastKnownFileType = file.storyboard; name = Base; path = Base.lproj/Main.storyboard; sourceTree = "<group>"; };
		C0220E231C15881900D21337 /* Assets.xcassets */ = {isa = PBXFileReference; lastKnownFileType = folder.assetcatalog; path = Assets.xcassets; sourceTree = "<group>"; };
		C0220E261C15881900D21337 /* Base */ = {isa = PBXFileReference; lastKnownFileType = file.storyboard; name = Base; path = Base.lproj/LaunchScreen.storyboard; sourceTree = "<group>"; };
		C0220E281C15881900D21337 /* Info.plist */ = {isa = PBXFileReference; lastKnownFileType = text.plist.xml; path = Info.plist; sourceTree = "<group>"; };
		C0220E2D1C15881900D21337 /* ledmessageTests.xctest */ = {isa = PBXFileReference; explicitFileType = wrapper.cfbundle; includeInIndex = 0; path = ledmessageTests.xctest; sourceTree = BUILT_PRODUCTS_DIR; };
		C0220E311C15881900D21337 /* ledmessageTests.swift */ = {isa = PBXFileReference; lastKnownFileType = sourcecode.swift; path = ledmessageTests.swift; sourceTree = "<group>"; };
		C0220E331C15881900D21337 /* Info.plist */ = {isa = PBXFileReference; lastKnownFileType = text.plist.xml; path = Info.plist; sourceTree = "<group>"; };
		C0220E381C15881900D21337 /* ledmessageUITests.xctest */ = {isa = PBXFileReference; explicitFileType = wrapper.cfbundle; includeInIndex = 0; path = ledmessageUITests.xctest; sourceTree = BUILT_PRODUCTS_DIR; };
		C0220E3C1C15881900D21337 /* ledmessageUITests.swift */ = {isa = PBXFileReference; lastKnownFileType = sourcecode.swift; path = ledmessageUITests.swift; sourceTree = "<group>"; };
		C0220E3E1C15881900D21337 /* Info.plist */ = {isa = PBXFileReference; lastKnownFileType = text.plist.xml; path = Info.plist; sourceTree = "<group>"; };
/* End PBXFileReference section */

/* Begin PBXFrameworksBuildPhase section */
		C0220E161C15881900D21337 /* Frameworks */ = {
			isa = PBXFrameworksBuildPhase;
			buildActionMask = 2147483647;
			files = (
			);
			runOnlyForDeploymentPostprocessing = 0;
		};
		C0220E2A1C15881900D21337 /* Frameworks */ = {
			isa = PBXFrameworksBuildPhase;
			buildActionMask = 2147483647;
			files = (
			);
			runOnlyForDeploymentPostprocessing = 0;
		};
		C0220E351C15881900D21337 /* Frameworks */ = {
			isa = PBXFrameworksBuildPhase;
			buildActionMask = 2147483647;
			files = (
			);
			runOnlyForDeploymentPostprocessing = 0;
		};
/* End PBXFrameworksBuildPhase section */

/* Begin PBXGroup section */
		C0220E101C15881900D21337 = {
			isa = PBXGroup;
			children = (
				C0220E1B1C15881900D21337 /* ledmessage */,
				C0220E301C15881900D21337 /* ledmessageTests */,
				C0220E3B1C15881900D21337 /* ledmessageUITests */,
				C0220E1A1C15881900D21337 /* Products */,
			);
			sourceTree = "<group>";
		};
		C0220E1A1C15881900D21337 /* Products */ = {
			isa = PBXGroup;
			children = (
				C0220E191C15881900D21337 /* ledmessage.app */,
				C0220E2D1C15881900D21337 /* ledmessageTests.xctest */,
				C0220E381C15881900D21337 /* ledmessageUITests.xctest */,
			);
			name = Products;
			sourceTree = "<group>";
		};
		C0220E1B1C15881900D21337 /* ledmessage */ = {
			isa = PBXGroup;
			children = (
				C0220E1C1C15881900D21337 /* AppDelegate.swift */,
				C0220E1E1C15881900D21337 /* ViewController.swift */,
				C0220E201C15881900D21337 /* Main.storyboard */,
				C0220E231C15881900D21337 /* Assets.xcassets */,
				C0220E251C15881900D21337 /* LaunchScreen.storyboard */,
				C0220E281C15881900D21337 /* Info.plist */,
			);
			path = ledmessage;
			sourceTree = "<group>";
		};
		C0220E301C15881900D21337 /* ledmessageTests */ = {
			isa = PBXGroup;
			children = (
				C0220E311C15881900D21337 /* ledmessageTests.swift */,
				C0220E331C15881900D21337 /* Info.plist */,
			);
			path = ledmessageTests;
			sourceTree = "<group>";
		};
		C0220E3B1C15881900D21337 /* ledmessageUITests */ = {
			isa = PBXGroup;
			children = (
				C0220E3C1C15881900D21337 /* ledmessageUITests.swift */,
				C0220E3E1C15881900D21337 /* Info.plist */,
			);
			path = ledmessageUITests;
			sourceTree = "<group>";
		};
/* End PBXGroup section */

/* Begin PBXNativeTarget section */
		C0220E181C15881900D21337 /* ledmessage */ = {
			isa = PBXNativeTarget;
			buildConfigurationList = C0220E411C15881900D21337 /* Build configuration list for PBXNativeTarget "ledmessage" */;
			buildPhases = (
				C0220E151C15881900D21337 /* Sources */,
				C0220E161C15881900D21337 /* Frameworks */,
				C0220E171C15881900D21337 /* Resources */,
			);
			buildRules = (
			);
			dependencies = (
			);
			name = ledmessage;
			productName = ledmessage;
			productReference = C0220E191C15881900D21337 /* ledmessage.app */;
			productType = "com.apple.product-type.application";
		};
		C0220E2C1C15881900D21337 /* ledmessageTests */ = {
			isa = PBXNativeTarget;
			buildConfigurationList = C0220E441C15881900D21337 /* Build configuration list for PBXNativeTarget "ledmessageTests" */;
			buildPhases = (
				C0220E291C15881900D21337 /* Sources */,
				C0220E2A1C15881900D21337 /* Frameworks */,
				C0220E2B1C15881900D21337 /* Resources */,
			);
			buildRules = (
			);
			dependencies = (
				C0220E2F1C15881900D21337 /* PBXTargetDependency */,
			);
			name = ledmessageTests;
			productName = ledmessageTests;
			productReference = C0220E2D1C15881900D21337 /* ledmessageTests.xctest */;
			productType = "com.apple.product-type.bundle.unit-test";
		};
		C0220E371C15881900D21337 /* ledmessageUITests */ = {
			isa = PBXNativeTarget;
			buildConfigurationList = C0220E471C15881900D21337 /* Build configuration list for PBXNativeTarget "ledmessageUITests" */;
			buildPhases = (
				C0220E341C15881900D21337 /* Sources */,
				C0220E351C15881900D21337 /* Frameworks */,
				C0220E361C15881900D21337 /* Resources */,
			);
			buildRules = (
			);
			dependencies = (
				C0220E3A1C15881900D21337 /* PBXTargetDependency */,
			);
			name = ledmessageUITests;
			productName = ledmessageUITests;
			productReference = C0220E381C15881900D21337 /* ledmessageUITests.xctest */;
			productType = "com.apple.product-type.bundle.ui-testing";
		};
/* End PBXNativeTarget section */

/* Begin PBXProject section */
		C0220E111C15881900D21337 /* Project object */ = {
			isa = PBXProject;
			attributes = {
				LastSwiftUpdateCheck = 0710;
				LastUpgradeCheck = 0710;
				ORGANIZATIONNAME = pyfamily;
				TargetAttributes = {
					C0220E181C15881900D21337 = {
						CreatedOnToolsVersion = 7.1.1;
					};
					C0220E2C1C15881900D21337 = {
						CreatedOnToolsVersion = 7.1.1;
						TestTargetID = C0220E181C15881900D21337;
					};
					C0220E371C15881900D21337 = {
						CreatedOnToolsVersion = 7.1.1;
						TestTargetID = C0220E181C15881900D21337;
					};
				};
			};
			buildConfigurationList = C0220E141C15881900D21337 /* Build configuration list for PBXProject "ledmessage" */;
			compatibilityVersion = "Xcode 3.2";
			developmentRegion = English;
			hasScannedForEncodings = 0;
			knownRegions = (
				en,
				Base,
			);
			mainGroup = C0220E101C15881900D21337;
			productRefGroup = C0220E1A1C15881900D21337 /* Products */;
			projectDirPath = "";
			projectRoot = "";
			targets = (
				C0220E181C15881900D21337 /* ledmessage */,
				C0220E2C1C15881900D21337 /* ledmessageTests */,
				C0220E371C15881900D21337 /* ledmessageUITests */,
			);
		};
/* End PBXProject section */

/* Begin PBXResourcesBuildPhase section */
		C0220E171C15881900D21337 /* Resources */ = {
			isa = PBXResourcesBuildPhase;
			buildActionMask = 2147483647;
			files = (
				C0220E271C15881900D21337 /* LaunchScreen.storyboard in Resources */,
				C0220E241C15881900D21337 /* Assets.xcassets in Resources */,
				C0220E221C15881900D21337 /* Main.storyboard in Resources */,
			);
			runOnlyForDeploymentPostprocessing = 0;
		};
		C0220E2B1C15881900D21337 /* Resources */ = {
			isa = PBXResourcesBuildPhase;
			buildActionMask = 2147483647;
			files = (
			);
			runOnlyForDeploymentPostprocessing = 0;
		};
		C0220E361C15881900D21337 /* Resources */ = {
			isa = PBXResourcesBuildPhase;
			buildActionMask = 2147483647;
			files = (
			);
			runOnlyForDeploymentPostprocessing = 0;
		};
/* End PBXResourcesBuildPhase section */

/* Begin PBXSourcesBuildPhase section */
		C0220E151C15881900D21337 /* Sources */ = {
			isa = PBXSourcesBuildPhase;
			buildActionMask = 2147483647;
			files = (
				C0220E1F1C15881900D21337 /* ViewController.swift in Sources */,
				C0220E1D1C15881900D21337 /* AppDelegate.swift in Sources */,
			);
			runOnlyForDeploymentPostprocessing = 0;
		};
		C0220E291C15881900D21337 /* Sources */ = {
			isa = PBXSourcesBuildPhase;
			buildActionMask = 2147483647;
			files = (
				C0220E321C15881900D21337 /* ledmessageTests.swift in Sources */,
			);
			runOnlyForDeploymentPostprocessing = 0;
		};
		C0220E341C15881900D21337 /* Sources */ = {
			isa = PBXSourcesBuildPhase;
			buildActionMask = 2147483647;
			files = (
				C0220E3D1C15881900D21337 /* ledmessageUITests.swift in Sources */,
			);
			runOnlyForDeploymentPostprocessing = 0;
		};
/* End PBXSourcesBuildPhase section */

/* Begin PBXTargetDependency section */
		C0220E2F1C15881900D21337 /* PBXTargetDependency */ = {
			isa = PBXTargetDependency;
			target = C0220E181C15881900D21337 /* ledmessage */;
			targetProxy = C0220E2E1C15881900D21337 /* PBXContainerItemProxy */;
		};
		C0220E3A1C15881900D21337 /* PBXTargetDependency */ = {
			isa = PBXTargetDependency;
			target = C0220E181C15881900D21337 /* ledmessage */;
			targetProxy = C0220E391C15881900D21337 /* PBXContainerItemProxy */;
		};
/* End PBXTargetDependency section */

/* Begin PBXVariantGroup section */
		C0220E201C15881900D21337 /* Main.storyboard */ = {
			isa = PBXVariantGroup;
			children = (
				C0220E211C15881900D21337 /* Base */,
			);
			name = Main.storyboard;
			sourceTree = "<group>";
		};
		C0220E251C15881900D21337 /* LaunchScreen.storyboard */ = {
			isa = PBXVariantGroup;
			children = (
				C0220E261C15881900D21337 /* Base */,
			);
			name = LaunchScreen.storyboard;
			sourceTree = "<group>";
		};
/* End PBXVariantGroup section */

/* Begin XCBuildConfiguration section */
		C0220E3F1C15881900D21337 /* Debug */ = {
			isa = XCBuildConfiguration;
			buildSettings = {
				ALWAYS_SEARCH_USER_PATHS = NO;
				CLANG_CXX_LANGUAGE_STANDARD = "gnu++0x";
				CLANG_CXX_LIBRARY = "libc++";
				CLANG_ENABLE_MODULES = YES;
				CLANG_ENABLE_OBJC_ARC = YES;
				CLANG_WARN_BOOL_CONVERSION = YES;
				CLANG_WARN_CONSTANT_CONVERSION = YES;
				CLANG_WARN_DIRECT_OBJC_ISA_USAGE = YES_ERROR;
				CLANG_WARN_EMPTY_BODY = YES;
				CLANG_WARN_ENUM_CONVERSION = YES;
				CLANG_WARN_INT_CONVERSION = YES;
				CLANG_WARN_OBJC_ROOT_CLASS = YES_ERROR;
				CLANG_WARN_UNREACHABLE_CODE = YES;
				CLANG_WARN__DUPLICATE_METHOD_MATCH = YES;
				"CODE_SIGN_IDENTITY[sdk=iphoneos*]" = "iPhone Developer";
				COPY_PHASE_STRIP = NO;
				DEBUG_INFORMATION_FORMAT = dwarf;
				ENABLE_STRICT_OBJC_MSGSEND = YES;
				ENABLE_TESTABILITY = YES;
				GCC_C_LANGUAGE_STANDARD = gnu99;
				GCC_DYNAMIC_NO_PIC = NO;
				GCC_NO_COMMON_BLOCKS = YES;
				GCC_OPTIMIZATION_LEVEL = 0;
				GCC_PREPROCESSOR_DEFINITIONS = (
					"DEBUG=1",
					"$(inherited)",
				);
				GCC_WARN_64_TO_32_BIT_CONVERSION = YES;
				GCC_WARN_ABOUT_RETURN_TYPE = YES_ERROR;
				GCC_WARN_UNDECLARED_SELECTOR = YES;
				GCC_WARN_UNINITIALIZED_AUTOS = YES_AGGRESSIVE;
				GCC_WARN_UNUSED_FUNCTION = YES;
				GCC_WARN_UNUSED_VARIABLE = YES;
				IPHONEOS_DEPLOYMENT_TARGET = 9.1;
				MTL_ENABLE_DEBUG_INFO = YES;
				ONLY_ACTIVE_ARCH = YES;
				SDKROOT = iphoneos;
				SWIFT_OPTIMIZATION_LEVEL = "-Onone";
			};
			name = Debug;
		};
		C0220E401C15881900D21337 /* Release */ = {
			isa = XCBuildConfiguration;
			buildSettings = {
				ALWAYS_SEARCH_USER_PATHS = NO;
				CLANG_CXX_LANGUAGE_STANDARD = "gnu++0x";
				CLANG_CXX_LIBRARY = "libc++";
				CLANG_ENABLE_MODULES = YES;
				CLANG_ENABLE_OBJC_ARC = YES;
				CLANG_WARN_BOOL_CONVERSION = YES;
				CLANG_WARN_CONSTANT_CONVERSION = YES;
				CLANG_WARN_DIRECT_OBJC_ISA_USAGE = YES_ERROR;
				CLANG_WARN_EMPTY_BODY = YES;
				CLANG_WARN_ENUM_CONVERSION = YES;
				CLANG_WARN_INT_CONVERSION = YES;
				CLANG_WARN_OBJC_ROOT_CLASS = YES_ERROR;
				CLANG_WARN_UNREACHABLE_CODE = YES;
				CLANG_WARN__DUPLICATE_METHOD_MATCH = YES;
				"CODE_SIGN_IDENTITY[sdk=iphoneos*]" = "iPhone Developer";
				COPY_PHASE_STRIP = NO;
				DEBUG_INFORMATION_FORMAT = "dwarf-with-dsym";
				ENABLE_NS_ASSERTIONS = NO;
				ENABLE_STRICT_OBJC_MSGSEND = YES;
				GCC_C_LANGUAGE_STANDARD = gnu99;
				GCC_NO_COMMON_BLOCKS = YES;
				GCC_WARN_64_TO_32_BIT_CONVERSION = YES;
				GCC_WARN_ABOUT_RETURN_TYPE = YES_ERROR;
				GCC_WARN_UNDECLARED_SELECTOR = YES;
				GCC_WARN_UNINITIALIZED_AUTOS = YES_AGGRESSIVE;
				GCC_WARN_UNUSED_FUNCTION = YES;
				GCC_WARN_UNUSED_VARIABLE = YES;
				IPHONEOS_DEPLOYMENT_TARGET = 9.1;
				MTL_ENABLE_DEBUG_INFO = NO;
				SDKROOT = iphoneos;
				VALIDATE_PRODUCT = YES;
			};
			name = Release;
		};
		C0220E421C15881900D21337 /* Debug */ = {
			isa = XCBuildConfiguration;
			buildSettings = {
				ASSETCATALOG_COMPILER_APPICON_NAME = AppIcon;
				INFOPLIST_FILE = ledmessage/Info.plist;
				LD_RUNPATH_SEARCH_PATHS = "$(inherited) @executable_path/Frameworks";
				PRODUCT_BUNDLE_IDENTIFIER = com.pyfamily.ledmessage;
				PRODUCT_NAME = "$(TARGET_NAME)";
			};
			name = Debug;
		};
		C0220E431C15881900D21337 /* Release */ = {
			isa = XCBuildConfiguration;
			buildSettings = {
				ASSETCATALOG_COMPILER_APPICON_NAME = AppIcon;
				INFOPLIST_FILE = ledmessage/Info.plist;
				LD_RUNPATH_SEARCH_PATHS = "$(inherited) @executable_path/Frameworks";
				PRODUCT_BUNDLE_IDENTIFIER = com.pyfamily.ledmessage;
				PRODUCT_NAME = "$(TARGET_NAME)";
			};
			name = Release;
		};
		C0220E451C15881900D21337 /* Debug */ = {
			isa = XCBuildConfiguration;
			buildSettings = {
				BUNDLE_LOADER = "$(TEST_HOST)";
				INFOPLIST_FILE = ledmessageTests/Info.plist;
				LD_RUNPATH_SEARCH_PATHS = "$(inherited) @executable_path/Frameworks @loader_path/Frameworks";
				PRODUCT_BUNDLE_IDENTIFIER = com.pyfamily.ledmessageTests;
				PRODUCT_NAME = "$(TARGET_NAME)";
				TEST_HOST = "$(BUILT_PRODUCTS_DIR)/ledmessage.app/ledmessage";
			};
			name = Debug;
		};
		C0220E461C15881900D21337 /* Release */ = {
			isa = XCBuildConfiguration;
			buildSettings = {
				BUNDLE_LOADER = "$(TEST_HOST)";
				INFOPLIST_FILE = ledmessageTests/Info.plist;
				LD_RUNPATH_SEARCH_PATHS = "$(inherited) @executable_path/Frameworks @loader_path/Frameworks";
				PRODUCT_BUNDLE_IDENTIFIER = com.pyfamily.ledmessageTests;
				PRODUCT_NAME = "$(TARGET_NAME)";
				TEST_HOST = "$(BUILT_PRODUCTS_DIR)/ledmessage.app/ledmessage";
			};
			name = Release;
		};
		C0220E481C15881900D21337 /* Debug */ = {
			isa = XCBuildConfiguration;
			buildSettings = {
				INFOPLIST_FILE = ledmessageUITests/Info.plist;
				LD_RUNPATH_SEARCH_PATHS = "$(inherited) @executable_path/Frameworks @loader_path/Frameworks";
				PRODUCT_BUNDLE_IDENTIFIER = com.pyfamily.ledmessageUITests;
				PRODUCT_NAME = "$(TARGET_NAME)";
				TEST_TARGET_NAME = ledmessage;
				USES_XCTRUNNER = YES;
			};
			name = Debug;
		};
		C0220E491C15881900D21337 /* Release */ = {
			isa = XCBuildConfiguration;
			buildSettings = {
				INFOPLIST_FILE = ledmessageUITests/Info.plist;
				LD_RUNPATH_SEARCH_PATHS = "$(inherited) @executable_path/Frameworks @loader_path/Frameworks";
				PRODUCT_BUNDLE_IDENTIFIER = com.pyfamily.ledmessageUITests;
				PRODUCT_NAME = "$(TARGET_NAME)";
				TEST_TARGET_NAME = ledmessage;
				USES_XCTRUNNER = YES;
			};
			name = Release;
		};
/* End XCBuildConfiguration section */

/* Begin XCConfigurationList section */
		C0220E141C15881900D21337 /* Build configuration list for PBXProject "ledmessage" */ = {
			isa = XCConfigurationList;
			buildConfigurations = (
				C0220E3F1C15881900D21337 /* Debug */,
				C0220E401C15881900D21337 /* Release */,
			);
			defaultConfigurationIsVisible = 0;
			defaultConfigurationName = Release;
		};
		C0220E411C15881900D21337 /* Build configuration list for PBXNativeTarget "ledmessage" */ = {
			isa = XCConfigurationList;
			buildConfigurations = (
				C0220E421C15881900D21337 /* Debug */,
				C0220E431C15881900D21337 /* Release */,
			);
			defaultConfigurationIsVisible = 0;
		};
		C0220E441C15881900D21337 /* Build configuration list for PBXNativeTarget "ledmessageTests" */ = {
			isa = XCConfigurationList;
			buildConfigurations = (
				C0220E451C15881900D21337 /* Debug */,
				C0220E461C15881900D21337 /* Release */,
			);
			defaultConfigurationIsVisible = 0;
		};
		C0220E471C15881900D21337 /* Build configuration list for PBXNativeTarget "ledmessageUITests" */ = {
			isa = XCConfigurationList;
			buildConfigurations = (
				C0220E481C15881900D21337 /* Debug */,
				C0220E491C15881900D21337 /* Release */,
			);
			defaultConfigurationIsVisible = 0;
		};
/* End XCConfigurationList section */
	};
	rootObject = C0220E111C15881900D21337 /* Project object */;
}
