// !$*UTF8*$!
{
	archiveVersion = 1;
	classes = {
	};
	objectVersion = 55;
	objects = {

/* Begin PBXBuildFile section */
		9B117ED528A65DB6001812FF /* Search.swift in Sources */ = {isa = PBXBuildFile; fileRef = 9B117ED428A65DB6001812FF /* Search.swift */; };
		9B117EDD28A7316E001812FF /* SelfNameResultView.swift in Sources */ = {isa = PBXBuildFile; fileRef = 9B117EDC28A7316E001812FF /* SelfNameResultView.swift */; };
		9B117EDF28A74D74001812FF /* NameDetailView.swift in Sources */ = {isa = PBXBuildFile; fileRef = 9B117EDE28A74D74001812FF /* NameDetailView.swift */; };
		9B144C7729AA15AD002EDA0E /* GoogleService-Info.plist in Resources */ = {isa = PBXBuildFile; fileRef = 9B144C7629AA15AD002EDA0E /* GoogleService-Info.plist */; };
		9B144C7A29AA1808002EDA0E /* FirebaseAnalytics in Frameworks */ = {isa = PBXBuildFile; productRef = 9B144C7929AA1808002EDA0E /* FirebaseAnalytics */; };
		9B144C7C29AA1808002EDA0E /* FirebaseAuth in Frameworks */ = {isa = PBXBuildFile; productRef = 9B144C7B29AA1808002EDA0E /* FirebaseAuth */; };
		9B144C7E29AA1808002EDA0E /* FirebaseCrashlytics in Frameworks */ = {isa = PBXBuildFile; productRef = 9B144C7D29AA1808002EDA0E /* FirebaseCrashlytics */; };
		9B144C8029AA1808002EDA0E /* FirebaseFirestore in Frameworks */ = {isa = PBXBuildFile; productRef = 9B144C7F29AA1808002EDA0E /* FirebaseFirestore */; };
		9B144C8329AA1997002EDA0E /* GoogleMobileAds in Frameworks */ = {isa = PBXBuildFile; productRef = 9B144C8229AA1997002EDA0E /* GoogleMobileAds */; };
		9B144C8529AAE223002EDA0E /* AdBannerView.swift in Sources */ = {isa = PBXBuildFile; fileRef = 9B144C8429AAE223002EDA0E /* AdBannerView.swift */; };
		9B1BFC232878F90A00EA8573 /* Hanja.swift in Sources */ = {isa = PBXBuildFile; fileRef = 9B1BFC222878F90A00EA8573 /* Hanja.swift */; };
		9B1BFC252879699300EA8573 /* RegisterInfo.swift in Sources */ = {isa = PBXBuildFile; fileRef = 9B1BFC242879699300EA8573 /* RegisterInfo.swift */; };
		9B3438BF28DEA52C00E5E8CE /* CurrentLocationProvider.swift in Sources */ = {isa = PBXBuildFile; fileRef = 9B3438BE28DEA52C00E5E8CE /* CurrentLocationProvider.swift */; };
		9B3438C128DEC42A00E5E8CE /* Permission.swift in Sources */ = {isa = PBXBuildFile; fileRef = 9B3438C028DEC42A00E5E8CE /* Permission.swift */; };
		9B3438C328DF0A4500E5E8CE /* GeoCoder.swift in Sources */ = {isa = PBXBuildFile; fileRef = 9B3438C228DF0A4500E5E8CE /* GeoCoder.swift */; };
		9B3438C528DFE75800E5E8CE /* CoordinateInputView.swift in Sources */ = {isa = PBXBuildFile; fileRef = 9B3438C428DFE75800E5E8CE /* CoordinateInputView.swift */; };
		9B7F841D289610D40095F776 /* SelfNameInputView.swift in Sources */ = {isa = PBXBuildFile; fileRef = 9B7F841C289610D40095F776 /* SelfNameInputView.swift */; };
		9BBDECEA29C718EC008797F6 /* AdInterstitialContentView.swift in Sources */ = {isa = PBXBuildFile; fileRef = 9BBDECE929C718EC008797F6 /* AdInterstitialContentView.swift */; };
		9BC462B028C42831008C2683 /* SuggestedNamesView.swift in Sources */ = {isa = PBXBuildFile; fileRef = 9BC462AF28C42831008C2683 /* SuggestedNamesView.swift */; };
		9BC462B228C4C221008C2683 /* SavedNamesView.swift in Sources */ = {isa = PBXBuildFile; fileRef = 9BC462B128C4C221008C2683 /* SavedNamesView.swift */; };
		9BEFFFDE2855C0340023DC08 /* saju.swift in Sources */ = {isa = PBXBuildFile; fileRef = 9BEFFFDC2855C0340023DC08 /* saju.swift */; };
		9BEFFFDF2855C0340023DC08 /* jolgi.swift in Sources */ = {isa = PBXBuildFile; fileRef = 9BEFFFDD2855C0340023DC08 /* jolgi.swift */; };
		9BEFFFE62856B7B20023DC08 /* RegisterView.swift in Sources */ = {isa = PBXBuildFile; fileRef = 9BEFFFE52856B7B20023DC08 /* RegisterView.swift */; };
		9BFA33E928CCBA2A00F55AB4 /* TTS.swift in Sources */ = {isa = PBXBuildFile; fileRef = 9BFA33E828CCBA2A00F55AB4 /* TTS.swift */; };
		E10D3CC1283ED1120086DF59 /* DeeplinkManager.swift in Sources */ = {isa = PBXBuildFile; fileRef = E10D3CC0283ED1120086DF59 /* DeeplinkManager.swift */; };
		E10D3CC4283EDCA90086DF59 /* HeadsUpCarView.swift in Sources */ = {isa = PBXBuildFile; fileRef = E10D3CC3283EDCA90086DF59 /* HeadsUpCarView.swift */; };
		E10D3CC6283EDD470086DF59 /* HomeView.swift in Sources */ = {isa = PBXBuildFile; fileRef = E10D3CC5283EDD470086DF59 /* HomeView.swift */; };
		E10D3CC8283EF6A10086DF59 /* HeadsUpDetailView.swift in Sources */ = {isa = PBXBuildFile; fileRef = E10D3CC7283EF6A10086DF59 /* HeadsUpDetailView.swift */; };
		E10D3CCA283EF8E00086DF59 /* AssetsView.swift in Sources */ = {isa = PBXBuildFile; fileRef = E10D3CC9283EF8E00086DF59 /* AssetsView.swift */; };
		E193BEBE283DB3D50076133B /* NewFeaturesApp.swift in Sources */ = {isa = PBXBuildFile; fileRef = E193BEBD283DB3D50076133B /* NewFeaturesApp.swift */; };
		E193BEC2283DB3D60076133B /* Assets.xcassets in Resources */ = {isa = PBXBuildFile; fileRef = E193BEC1283DB3D60076133B /* Assets.xcassets */; };
		E193BEC5283DB3D60076133B /* Preview Assets.xcassets in Resources */ = {isa = PBXBuildFile; fileRef = E193BEC4283DB3D60076133B /* Preview Assets.xcassets */; };
		E193BECF283DB3D60076133B /* NewFeaturesTests.swift in Sources */ = {isa = PBXBuildFile; fileRef = E193BECE283DB3D60076133B /* NewFeaturesTests.swift */; };
		E193BED9283DB3D60076133B /* NewFeaturesUITests.swift in Sources */ = {isa = PBXBuildFile; fileRef = E193BED8283DB3D60076133B /* NewFeaturesUITests.swift */; };
		E193BEDB283DB3D60076133B /* NewFeaturesUITestsLaunchTests.swift in Sources */ = {isa = PBXBuildFile; fileRef = E193BEDA283DB3D60076133B /* NewFeaturesUITestsLaunchTests.swift */; };
		E193BEEA283DB4210076133B /* APIClient.swift in Sources */ = {isa = PBXBuildFile; fileRef = E193BEE9283DB4210076133B /* APIClient.swift */; };
		E193BEEF283DB4E40076133B /* FeaturesResponse.swift in Sources */ = {isa = PBXBuildFile; fileRef = E193BEEE283DB4E40076133B /* FeaturesResponse.swift */; };
		E193BEF1283DB56A0076133B /* Feature.swift in Sources */ = {isa = PBXBuildFile; fileRef = E193BEF0283DB56A0076133B /* Feature.swift */; };
		E193BEF3283DBE690076133B /* RootView.swift in Sources */ = {isa = PBXBuildFile; fileRef = E193BEF2283DBE690076133B /* RootView.swift */; };
		E193BEF5283DBEB90076133B /* MoreView.swift in Sources */ = {isa = PBXBuildFile; fileRef = E193BEF4283DBEB90076133B /* MoreView.swift */; };
		E193BEF7283DBEF20076133B /* EmptyView.swift in Sources */ = {isa = PBXBuildFile; fileRef = E193BEF6283DBEF20076133B /* EmptyView.swift */; };
		E193BEF9283DC1430076133B /* FeatureCellView.swift in Sources */ = {isa = PBXBuildFile; fileRef = E193BEF8283DC1430076133B /* FeatureCellView.swift */; };
		E193BEFB283DC9E10076133B /* FeaturesView.swift in Sources */ = {isa = PBXBuildFile; fileRef = E193BEFA283DC9E10076133B /* FeaturesView.swift */; };
		E193BEFD283DCF6C0076133B /* FeatureDetailView.swift in Sources */ = {isa = PBXBuildFile; fileRef = E193BEFC283DCF6C0076133B /* FeatureDetailView.swift */; };
/* End PBXBuildFile section */

/* Begin PBXContainerItemProxy section */
		E193BECB283DB3D60076133B /* PBXContainerItemProxy */ = {
			isa = PBXContainerItemProxy;
			containerPortal = E193BEB2283DB3D50076133B /* Project object */;
			proxyType = 1;
			remoteGlobalIDString = E193BEB9283DB3D50076133B;
			remoteInfo = NewFeatures;
		};
		E193BED5283DB3D60076133B /* PBXContainerItemProxy */ = {
			isa = PBXContainerItemProxy;
			containerPortal = E193BEB2283DB3D50076133B /* Project object */;
			proxyType = 1;
			remoteGlobalIDString = E193BEB9283DB3D50076133B;
			remoteInfo = NewFeatures;
		};
/* End PBXContainerItemProxy section */

/* Begin PBXFileReference section */
		9B117ED428A65DB6001812FF /* Search.swift */ = {isa = PBXFileReference; lastKnownFileType = sourcecode.swift; path = Search.swift; sourceTree = "<group>"; };
		9B117EDC28A7316E001812FF /* SelfNameResultView.swift */ = {isa = PBXFileReference; lastKnownFileType = sourcecode.swift; path = SelfNameResultView.swift; sourceTree = "<group>"; };
		9B117EDE28A74D74001812FF /* NameDetailView.swift */ = {isa = PBXFileReference; lastKnownFileType = sourcecode.swift; path = NameDetailView.swift; sourceTree = "<group>"; };
		9B144C7629AA15AD002EDA0E /* GoogleService-Info.plist */ = {isa = PBXFileReference; fileEncoding = 4; lastKnownFileType = text.plist.xml; path = "GoogleService-Info.plist"; sourceTree = "<group>"; };
		9B144C8429AAE223002EDA0E /* AdBannerView.swift */ = {isa = PBXFileReference; lastKnownFileType = sourcecode.swift; path = AdBannerView.swift; sourceTree = "<group>"; };
		9B1BFC222878F90A00EA8573 /* Hanja.swift */ = {isa = PBXFileReference; fileEncoding = 4; lastKnownFileType = sourcecode.swift; path = Hanja.swift; sourceTree = "<group>"; };
		9B1BFC242879699300EA8573 /* RegisterInfo.swift */ = {isa = PBXFileReference; lastKnownFileType = sourcecode.swift; path = RegisterInfo.swift; sourceTree = "<group>"; };
		9B3438BE28DEA52C00E5E8CE /* CurrentLocationProvider.swift */ = {isa = PBXFileReference; lastKnownFileType = sourcecode.swift; path = CurrentLocationProvider.swift; sourceTree = "<group>"; };
		9B3438C028DEC42A00E5E8CE /* Permission.swift */ = {isa = PBXFileReference; lastKnownFileType = sourcecode.swift; path = Permission.swift; sourceTree = "<group>"; };
		9B3438C228DF0A4500E5E8CE /* GeoCoder.swift */ = {isa = PBXFileReference; lastKnownFileType = sourcecode.swift; path = GeoCoder.swift; sourceTree = "<group>"; };
		9B3438C428DFE75800E5E8CE /* CoordinateInputView.swift */ = {isa = PBXFileReference; lastKnownFileType = sourcecode.swift; path = CoordinateInputView.swift; sourceTree = "<group>"; };
		9B7F841C289610D40095F776 /* SelfNameInputView.swift */ = {isa = PBXFileReference; lastKnownFileType = sourcecode.swift; path = SelfNameInputView.swift; sourceTree = "<group>"; };
		9BBDECE929C718EC008797F6 /* AdInterstitialContentView.swift */ = {isa = PBXFileReference; lastKnownFileType = sourcecode.swift; path = AdInterstitialContentView.swift; sourceTree = "<group>"; };
		9BC462AF28C42831008C2683 /* SuggestedNamesView.swift */ = {isa = PBXFileReference; lastKnownFileType = sourcecode.swift; path = SuggestedNamesView.swift; sourceTree = "<group>"; };
		9BC462B128C4C221008C2683 /* SavedNamesView.swift */ = {isa = PBXFileReference; lastKnownFileType = sourcecode.swift; path = SavedNamesView.swift; sourceTree = "<group>"; };
		9BEFFFDC2855C0340023DC08 /* saju.swift */ = {isa = PBXFileReference; fileEncoding = 4; lastKnownFileType = sourcecode.swift; path = saju.swift; sourceTree = "<group>"; };
		9BEFFFDD2855C0340023DC08 /* jolgi.swift */ = {isa = PBXFileReference; fileEncoding = 4; lastKnownFileType = sourcecode.swift; path = jolgi.swift; sourceTree = "<group>"; };
		9BEFFFE52856B7B20023DC08 /* RegisterView.swift */ = {isa = PBXFileReference; lastKnownFileType = sourcecode.swift; path = RegisterView.swift; sourceTree = "<group>"; };
		9BFA33E828CCBA2A00F55AB4 /* TTS.swift */ = {isa = PBXFileReference; lastKnownFileType = sourcecode.swift; path = TTS.swift; sourceTree = "<group>"; };
		E10D3CC0283ED1120086DF59 /* DeeplinkManager.swift */ = {isa = PBXFileReference; lastKnownFileType = sourcecode.swift; path = DeeplinkManager.swift; sourceTree = "<group>"; };
		E10D3CC2283ED7A00086DF59 /* Info.plist */ = {isa = PBXFileReference; lastKnownFileType = text.plist; path = Info.plist; sourceTree = "<group>"; };
		E10D3CC3283EDCA90086DF59 /* HeadsUpCarView.swift */ = {isa = PBXFileReference; lastKnownFileType = sourcecode.swift; lineEnding = 0; path = HeadsUpCarView.swift; sourceTree = "<group>"; usesTabs = 0; };
		E10D3CC5283EDD470086DF59 /* HomeView.swift */ = {isa = PBXFileReference; lastKnownFileType = sourcecode.swift; path = HomeView.swift; sourceTree = "<group>"; };
		E10D3CC7283EF6A10086DF59 /* HeadsUpDetailView.swift */ = {isa = PBXFileReference; lastKnownFileType = sourcecode.swift; path = HeadsUpDetailView.swift; sourceTree = "<group>"; };
		E10D3CC9283EF8E00086DF59 /* AssetsView.swift */ = {isa = PBXFileReference; lastKnownFileType = sourcecode.swift; path = AssetsView.swift; sourceTree = "<group>"; };
		E193BEBA283DB3D50076133B /* NameIs.app */ = {isa = PBXFileReference; explicitFileType = wrapper.application; includeInIndex = 0; path = NameIs.app; sourceTree = BUILT_PRODUCTS_DIR; };
		E193BEBD283DB3D50076133B /* NewFeaturesApp.swift */ = {isa = PBXFileReference; lastKnownFileType = sourcecode.swift; path = NewFeaturesApp.swift; sourceTree = "<group>"; };
		E193BEC1283DB3D60076133B /* Assets.xcassets */ = {isa = PBXFileReference; lastKnownFileType = folder.assetcatalog; path = Assets.xcassets; sourceTree = "<group>"; };
		E193BEC4283DB3D60076133B /* Preview Assets.xcassets */ = {isa = PBXFileReference; lastKnownFileType = folder.assetcatalog; path = "Preview Assets.xcassets"; sourceTree = "<group>"; };
		E193BECA283DB3D60076133B /* NewFeaturesTests.xctest */ = {isa = PBXFileReference; explicitFileType = wrapper.cfbundle; includeInIndex = 0; path = NewFeaturesTests.xctest; sourceTree = BUILT_PRODUCTS_DIR; };
		E193BECE283DB3D60076133B /* NewFeaturesTests.swift */ = {isa = PBXFileReference; lastKnownFileType = sourcecode.swift; path = NewFeaturesTests.swift; sourceTree = "<group>"; };
		E193BED4283DB3D60076133B /* NewFeaturesUITests.xctest */ = {isa = PBXFileReference; explicitFileType = wrapper.cfbundle; includeInIndex = 0; path = NewFeaturesUITests.xctest; sourceTree = BUILT_PRODUCTS_DIR; };
		E193BED8283DB3D60076133B /* NewFeaturesUITests.swift */ = {isa = PBXFileReference; lastKnownFileType = sourcecode.swift; path = NewFeaturesUITests.swift; sourceTree = "<group>"; };
		E193BEDA283DB3D60076133B /* NewFeaturesUITestsLaunchTests.swift */ = {isa = PBXFileReference; lastKnownFileType = sourcecode.swift; path = NewFeaturesUITestsLaunchTests.swift; sourceTree = "<group>"; };
		E193BEE9283DB4210076133B /* APIClient.swift */ = {isa = PBXFileReference; lastKnownFileType = sourcecode.swift; path = APIClient.swift; sourceTree = "<group>"; };
		E193BEEE283DB4E40076133B /* FeaturesResponse.swift */ = {isa = PBXFileReference; lastKnownFileType = sourcecode.swift; path = FeaturesResponse.swift; sourceTree = "<group>"; };
		E193BEF0283DB56A0076133B /* Feature.swift */ = {isa = PBXFileReference; lastKnownFileType = sourcecode.swift; path = Feature.swift; sourceTree = "<group>"; };
		E193BEF2283DBE690076133B /* RootView.swift */ = {isa = PBXFileReference; lastKnownFileType = sourcecode.swift; path = RootView.swift; sourceTree = "<group>"; };
		E193BEF4283DBEB90076133B /* MoreView.swift */ = {isa = PBXFileReference; lastKnownFileType = sourcecode.swift; path = MoreView.swift; sourceTree = "<group>"; };
		E193BEF6283DBEF20076133B /* EmptyView.swift */ = {isa = PBXFileReference; lastKnownFileType = sourcecode.swift; path = EmptyView.swift; sourceTree = "<group>"; };
		E193BEF8283DC1430076133B /* FeatureCellView.swift */ = {isa = PBXFileReference; lastKnownFileType = sourcecode.swift; path = FeatureCellView.swift; sourceTree = "<group>"; };
		E193BEFA283DC9E10076133B /* FeaturesView.swift */ = {isa = PBXFileReference; lastKnownFileType = sourcecode.swift; path = FeaturesView.swift; sourceTree = "<group>"; };
		E193BEFC283DCF6C0076133B /* FeatureDetailView.swift */ = {isa = PBXFileReference; lastKnownFileType = sourcecode.swift; path = FeatureDetailView.swift; sourceTree = "<group>"; };
/* End PBXFileReference section */

/* Begin PBXFrameworksBuildPhase section */
		E193BEB7283DB3D50076133B /* Frameworks */ = {
			isa = PBXFrameworksBuildPhase;
			buildActionMask = 2147483647;
			files = (
				9B144C7E29AA1808002EDA0E /* FirebaseCrashlytics in Frameworks */,
				9B144C8029AA1808002EDA0E /* FirebaseFirestore in Frameworks */,
				9B144C8329AA1997002EDA0E /* GoogleMobileAds in Frameworks */,
				9B144C7A29AA1808002EDA0E /* FirebaseAnalytics in Frameworks */,
				9B144C7C29AA1808002EDA0E /* FirebaseAuth in Frameworks */,
			);
			runOnlyForDeploymentPostprocessing = 0;
		};
		E193BEC7283DB3D60076133B /* Frameworks */ = {
			isa = PBXFrameworksBuildPhase;
			buildActionMask = 2147483647;
			files = (
			);
			runOnlyForDeploymentPostprocessing = 0;
		};
		E193BED1283DB3D60076133B /* Frameworks */ = {
			isa = PBXFrameworksBuildPhase;
			buildActionMask = 2147483647;
			files = (
			);
			runOnlyForDeploymentPostprocessing = 0;
		};
/* End PBXFrameworksBuildPhase section */

/* Begin PBXGroup section */
		E10D3CBF283ED0FB0086DF59 /* Deeplinking */ = {
			isa = PBXGroup;
			children = (
				E10D3CC0283ED1120086DF59 /* DeeplinkManager.swift */,
			);
			path = Deeplinking;
			sourceTree = "<group>";
		};
		E193BEB1283DB3D50076133B = {
			isa = PBXGroup;
			children = (
				E193BEBC283DB3D50076133B /* NameIs */,
				E193BECD283DB3D60076133B /* NewFeaturesTests */,
				E193BED7283DB3D60076133B /* NewFeaturesUITests */,
				E193BEBB283DB3D50076133B /* Products */,
			);
			sourceTree = "<group>";
		};
		E193BEBB283DB3D50076133B /* Products */ = {
			isa = PBXGroup;
			children = (
				E193BEBA283DB3D50076133B /* NameIs.app */,
				E193BECA283DB3D60076133B /* NewFeaturesTests.xctest */,
				E193BED4283DB3D60076133B /* NewFeaturesUITests.xctest */,
			);
			name = Products;
			sourceTree = "<group>";
		};
		E193BEBC283DB3D50076133B /* NameIs */ = {
			isa = PBXGroup;
			children = (
				9B144C7629AA15AD002EDA0E /* GoogleService-Info.plist */,
				E10D3CC2283ED7A00086DF59 /* Info.plist */,
				E10D3CBF283ED0FB0086DF59 /* Deeplinking */,
				E193BEEB283DB44F0076133B /* Models */,
				E193BEE8283DB4030076133B /* Networking */,
				E193BEE7283DB3F90076133B /* Views */,
				E193BEBD283DB3D50076133B /* NewFeaturesApp.swift */,
				E193BEC1283DB3D60076133B /* Assets.xcassets */,
				E193BEC3283DB3D60076133B /* Preview Content */,
			);
			path = NameIs;
			sourceTree = "<group>";
		};
		E193BEC3283DB3D60076133B /* Preview Content */ = {
			isa = PBXGroup;
			children = (
				E193BEC4283DB3D60076133B /* Preview Assets.xcassets */,
			);
			path = "Preview Content";
			sourceTree = "<group>";
		};
		E193BECD283DB3D60076133B /* NewFeaturesTests */ = {
			isa = PBXGroup;
			children = (
				E193BECE283DB3D60076133B /* NewFeaturesTests.swift */,
			);
			path = NewFeaturesTests;
			sourceTree = "<group>";
		};
		E193BED7283DB3D60076133B /* NewFeaturesUITests */ = {
			isa = PBXGroup;
			children = (
				E193BED8283DB3D60076133B /* NewFeaturesUITests.swift */,
				E193BEDA283DB3D60076133B /* NewFeaturesUITestsLaunchTests.swift */,
			);
			path = NewFeaturesUITests;
			sourceTree = "<group>";
		};
		E193BEE7283DB3F90076133B /* Views */ = {
			isa = PBXGroup;
			children = (
				E193BEF2283DBE690076133B /* RootView.swift */,
				E193BEF4283DBEB90076133B /* MoreView.swift */,
				E193BEF6283DBEF20076133B /* EmptyView.swift */,
				E193BEF8283DC1430076133B /* FeatureCellView.swift */,
				E193BEFA283DC9E10076133B /* FeaturesView.swift */,
				E193BEFC283DCF6C0076133B /* FeatureDetailView.swift */,
				E10D3CC3283EDCA90086DF59 /* HeadsUpCarView.swift */,
				E10D3CC5283EDD470086DF59 /* HomeView.swift */,
				E10D3CC7283EF6A10086DF59 /* HeadsUpDetailView.swift */,
				E10D3CC9283EF8E00086DF59 /* AssetsView.swift */,
				9BEFFFE52856B7B20023DC08 /* RegisterView.swift */,
				9B7F841C289610D40095F776 /* SelfNameInputView.swift */,
				9B117EDC28A7316E001812FF /* SelfNameResultView.swift */,
				9B117EDE28A74D74001812FF /* NameDetailView.swift */,
				9BC462AF28C42831008C2683 /* SuggestedNamesView.swift */,
				9BC462B128C4C221008C2683 /* SavedNamesView.swift */,
				9B3438C428DFE75800E5E8CE /* CoordinateInputView.swift */,
				9B144C8429AAE223002EDA0E /* AdBannerView.swift */,
				9BBDECE929C718EC008797F6 /* AdInterstitialContentView.swift */,
			);
			path = Views;
			sourceTree = "<group>";
		};
		E193BEE8283DB4030076133B /* Networking */ = {
			isa = PBXGroup;
			children = (
				E193BEE9283DB4210076133B /* APIClient.swift */,
				E193BEEE283DB4E40076133B /* FeaturesResponse.swift */,
			);
			path = Networking;
			sourceTree = "<group>";
		};
		E193BEEB283DB44F0076133B /* Models */ = {
			isa = PBXGroup;
			children = (
				9B1BFC222878F90A00EA8573 /* Hanja.swift */,
				9BEFFFDD2855C0340023DC08 /* jolgi.swift */,
				9BEFFFDC2855C0340023DC08 /* saju.swift */,
				E193BEF0283DB56A0076133B /* Feature.swift */,
				9B1BFC242879699300EA8573 /* RegisterInfo.swift */,
				9B117ED428A65DB6001812FF /* Search.swift */,
				9BFA33E828CCBA2A00F55AB4 /* TTS.swift */,
				9B3438BE28DEA52C00E5E8CE /* CurrentLocationProvider.swift */,
				9B3438C028DEC42A00E5E8CE /* Permission.swift */,
				9B3438C228DF0A4500E5E8CE /* GeoCoder.swift */,
			);
			path = Models;
			sourceTree = "<group>";
		};
/* End PBXGroup section */

/* Begin PBXNativeTarget section */
		E193BEB9283DB3D50076133B /* NameIs */ = {
			isa = PBXNativeTarget;
			buildConfigurationList = E193BEDE283DB3D60076133B /* Build configuration list for PBXNativeTarget "NameIs" */;
			buildPhases = (
				E193BEB6283DB3D50076133B /* Sources */,
				E193BEB7283DB3D50076133B /* Frameworks */,
				E193BEB8283DB3D50076133B /* Resources */,
			);
			buildRules = (
			);
			dependencies = (
			);
			name = NameIs;
			packageProductDependencies = (
				9B144C7929AA1808002EDA0E /* FirebaseAnalytics */,
				9B144C7B29AA1808002EDA0E /* FirebaseAuth */,
				9B144C7D29AA1808002EDA0E /* FirebaseCrashlytics */,
				9B144C7F29AA1808002EDA0E /* FirebaseFirestore */,
				9B144C8229AA1997002EDA0E /* GoogleMobileAds */,
			);
			productName = NewFeatures;
			productReference = E193BEBA283DB3D50076133B /* NameIs.app */;
			productType = "com.apple.product-type.application";
		};
		E193BEC9283DB3D60076133B /* NewFeaturesTests */ = {
			isa = PBXNativeTarget;
			buildConfigurationList = E193BEE1283DB3D60076133B /* Build configuration list for PBXNativeTarget "NewFeaturesTests" */;
			buildPhases = (
				E193BEC6283DB3D60076133B /* Sources */,
				E193BEC7283DB3D60076133B /* Frameworks */,
				E193BEC8283DB3D60076133B /* Resources */,
			);
			buildRules = (
			);
			dependencies = (
				E193BECC283DB3D60076133B /* PBXTargetDependency */,
			);
			name = NewFeaturesTests;
			productName = NewFeaturesTests;
			productReference = E193BECA283DB3D60076133B /* NewFeaturesTests.xctest */;
			productType = "com.apple.product-type.bundle.unit-test";
		};
		E193BED3283DB3D60076133B /* NewFeaturesUITests */ = {
			isa = PBXNativeTarget;
			buildConfigurationList = E193BEE4283DB3D60076133B /* Build configuration list for PBXNativeTarget "NewFeaturesUITests" */;
			buildPhases = (
				E193BED0283DB3D60076133B /* Sources */,
				E193BED1283DB3D60076133B /* Frameworks */,
				E193BED2283DB3D60076133B /* Resources */,
			);
			buildRules = (
			);
			dependencies = (
				E193BED6283DB3D60076133B /* PBXTargetDependency */,
			);
			name = NewFeaturesUITests;
			productName = NewFeaturesUITests;
			productReference = E193BED4283DB3D60076133B /* NewFeaturesUITests.xctest */;
			productType = "com.apple.product-type.bundle.ui-testing";
		};
/* End PBXNativeTarget section */

/* Begin PBXProject section */
		E193BEB2283DB3D50076133B /* Project object */ = {
			isa = PBXProject;
			attributes = {
				BuildIndependentTargetsInParallel = 1;
				LastSwiftUpdateCheck = 1340;
				LastUpgradeCheck = 1340;
				TargetAttributes = {
					E193BEB9283DB3D50076133B = {
						CreatedOnToolsVersion = 13.4;
					};
					E193BEC9283DB3D60076133B = {
						CreatedOnToolsVersion = 13.4;
						TestTargetID = E193BEB9283DB3D50076133B;
					};
					E193BED3283DB3D60076133B = {
						CreatedOnToolsVersion = 13.4;
						TestTargetID = E193BEB9283DB3D50076133B;
					};
				};
			};
			buildConfigurationList = E193BEB5283DB3D50076133B /* Build configuration list for PBXProject "NameIs" */;
			compatibilityVersion = "Xcode 13.0";
			developmentRegion = en;
			hasScannedForEncodings = 0;
			knownRegions = (
				en,
				Base,
			);
			mainGroup = E193BEB1283DB3D50076133B;
			packageReferences = (
				9B144C7829AA1808002EDA0E /* XCRemoteSwiftPackageReference "firebase-ios-sdk" */,
				9B144C8129AA1997002EDA0E /* XCRemoteSwiftPackageReference "swift-package-manager-google-mobile-ads" */,
			);
			productRefGroup = E193BEBB283DB3D50076133B /* Products */;
			projectDirPath = "";
			projectRoot = "";
			targets = (
				E193BEB9283DB3D50076133B /* NameIs */,
				E193BEC9283DB3D60076133B /* NewFeaturesTests */,
				E193BED3283DB3D60076133B /* NewFeaturesUITests */,
			);
		};
/* End PBXProject section */

/* Begin PBXResourcesBuildPhase section */
		E193BEB8283DB3D50076133B /* Resources */ = {
			isa = PBXResourcesBuildPhase;
			buildActionMask = 2147483647;
			files = (
				E193BEC5283DB3D60076133B /* Preview Assets.xcassets in Resources */,
				E193BEC2283DB3D60076133B /* Assets.xcassets in Resources */,
				9B144C7729AA15AD002EDA0E /* GoogleService-Info.plist in Resources */,
			);
			runOnlyForDeploymentPostprocessing = 0;
		};
		E193BEC8283DB3D60076133B /* Resources */ = {
			isa = PBXResourcesBuildPhase;
			buildActionMask = 2147483647;
			files = (
			);
			runOnlyForDeploymentPostprocessing = 0;
		};
		E193BED2283DB3D60076133B /* Resources */ = {
			isa = PBXResourcesBuildPhase;
			buildActionMask = 2147483647;
			files = (
			);
			runOnlyForDeploymentPostprocessing = 0;
		};
/* End PBXResourcesBuildPhase section */

/* Begin PBXSourcesBuildPhase section */
		E193BEB6283DB3D50076133B /* Sources */ = {
			isa = PBXSourcesBuildPhase;
			buildActionMask = 2147483647;
			files = (
				E193BEBE283DB3D50076133B /* NewFeaturesApp.swift in Sources */,
				E193BEF5283DBEB90076133B /* MoreView.swift in Sources */,
				9B1BFC252879699300EA8573 /* RegisterInfo.swift in Sources */,
				9BC462B228C4C221008C2683 /* SavedNamesView.swift in Sources */,
				9BEFFFDF2855C0340023DC08 /* jolgi.swift in Sources */,
				9BC462B028C42831008C2683 /* SuggestedNamesView.swift in Sources */,
				E10D3CC6283EDD470086DF59 /* HomeView.swift in Sources */,
				E193BEF3283DBE690076133B /* RootView.swift in Sources */,
				9B117EDF28A74D74001812FF /* NameDetailView.swift in Sources */,
				E193BEF1283DB56A0076133B /* Feature.swift in Sources */,
				E193BEEA283DB4210076133B /* APIClient.swift in Sources */,
				9B3438C528DFE75800E5E8CE /* CoordinateInputView.swift in Sources */,
				9B144C8529AAE223002EDA0E /* AdBannerView.swift in Sources */,
				E193BEF7283DBEF20076133B /* EmptyView.swift in Sources */,
				E193BEEF283DB4E40076133B /* FeaturesResponse.swift in Sources */,
				9BEFFFE62856B7B20023DC08 /* RegisterView.swift in Sources */,
				9B117ED528A65DB6001812FF /* Search.swift in Sources */,
				9BEFFFDE2855C0340023DC08 /* saju.swift in Sources */,
				9B3438C128DEC42A00E5E8CE /* Permission.swift in Sources */,
				9B7F841D289610D40095F776 /* SelfNameInputView.swift in Sources */,
				9BBDECEA29C718EC008797F6 /* AdInterstitialContentView.swift in Sources */,
				E193BEF9283DC1430076133B /* FeatureCellView.swift in Sources */,
				9B1BFC232878F90A00EA8573 /* Hanja.swift in Sources */,
				E193BEFD283DCF6C0076133B /* FeatureDetailView.swift in Sources */,
				9B117EDD28A7316E001812FF /* SelfNameResultView.swift in Sources */,
				E193BEFB283DC9E10076133B /* FeaturesView.swift in Sources */,
				9B3438C328DF0A4500E5E8CE /* GeoCoder.swift in Sources */,
				9BFA33E928CCBA2A00F55AB4 /* TTS.swift in Sources */,
				E10D3CCA283EF8E00086DF59 /* AssetsView.swift in Sources */,
				E10D3CC4283EDCA90086DF59 /* HeadsUpCarView.swift in Sources */,
				E10D3CC8283EF6A10086DF59 /* HeadsUpDetailView.swift in Sources */,
				E10D3CC1283ED1120086DF59 /* DeeplinkManager.swift in Sources */,
				9B3438BF28DEA52C00E5E8CE /* CurrentLocationProvider.swift in Sources */,
			);
			runOnlyForDeploymentPostprocessing = 0;
		};
		E193BEC6283DB3D60076133B /* Sources */ = {
			isa = PBXSourcesBuildPhase;
			buildActionMask = 2147483647;
			files = (
				E193BECF283DB3D60076133B /* NewFeaturesTests.swift in Sources */,
			);
			runOnlyForDeploymentPostprocessing = 0;
		};
		E193BED0283DB3D60076133B /* Sources */ = {
			isa = PBXSourcesBuildPhase;
			buildActionMask = 2147483647;
			files = (
				E193BEDB283DB3D60076133B /* NewFeaturesUITestsLaunchTests.swift in Sources */,
				E193BED9283DB3D60076133B /* NewFeaturesUITests.swift in Sources */,
			);
			runOnlyForDeploymentPostprocessing = 0;
		};
/* End PBXSourcesBuildPhase section */

/* Begin PBXTargetDependency section */
		E193BECC283DB3D60076133B /* PBXTargetDependency */ = {
			isa = PBXTargetDependency;
			target = E193BEB9283DB3D50076133B /* NameIs */;
			targetProxy = E193BECB283DB3D60076133B /* PBXContainerItemProxy */;
		};
		E193BED6283DB3D60076133B /* PBXTargetDependency */ = {
			isa = PBXTargetDependency;
			target = E193BEB9283DB3D50076133B /* NameIs */;
			targetProxy = E193BED5283DB3D60076133B /* PBXContainerItemProxy */;
		};
/* End PBXTargetDependency section */

/* Begin XCBuildConfiguration section */
		E193BEDC283DB3D60076133B /* Debug */ = {
			isa = XCBuildConfiguration;
			buildSettings = {
				ALWAYS_SEARCH_USER_PATHS = NO;
				CLANG_ANALYZER_NONNULL = YES;
				CLANG_ANALYZER_NUMBER_OBJECT_CONVERSION = YES_AGGRESSIVE;
				CLANG_CXX_LANGUAGE_STANDARD = "gnu++17";
				CLANG_ENABLE_MODULES = YES;
				CLANG_ENABLE_OBJC_ARC = YES;
				CLANG_ENABLE_OBJC_WEAK = YES;
				CLANG_WARN_BLOCK_CAPTURE_AUTORELEASING = YES;
				CLANG_WARN_BOOL_CONVERSION = YES;
				CLANG_WARN_COMMA = YES;
				CLANG_WARN_CONSTANT_CONVERSION = YES;
				CLANG_WARN_DEPRECATED_OBJC_IMPLEMENTATIONS = YES;
				CLANG_WARN_DIRECT_OBJC_ISA_USAGE = YES_ERROR;
				CLANG_WARN_DOCUMENTATION_COMMENTS = YES;
				CLANG_WARN_EMPTY_BODY = YES;
				CLANG_WARN_ENUM_CONVERSION = YES;
				CLANG_WARN_INFINITE_RECURSION = YES;
				CLANG_WARN_INT_CONVERSION = YES;
				CLANG_WARN_NON_LITERAL_NULL_CONVERSION = YES;
				CLANG_WARN_OBJC_IMPLICIT_RETAIN_SELF = YES;
				CLANG_WARN_OBJC_LITERAL_CONVERSION = YES;
				CLANG_WARN_OBJC_ROOT_CLASS = YES_ERROR;
				CLANG_WARN_QUOTED_INCLUDE_IN_FRAMEWORK_HEADER = YES;
				CLANG_WARN_RANGE_LOOP_ANALYSIS = YES;
				CLANG_WARN_STRICT_PROTOTYPES = YES;
				CLANG_WARN_SUSPICIOUS_MOVE = YES;
				CLANG_WARN_UNGUARDED_AVAILABILITY = YES_AGGRESSIVE;
				CLANG_WARN_UNREACHABLE_CODE = YES;
				CLANG_WARN__DUPLICATE_METHOD_MATCH = YES;
				COPY_PHASE_STRIP = NO;
				DEBUG_INFORMATION_FORMAT = dwarf;
				ENABLE_STRICT_OBJC_MSGSEND = YES;
				ENABLE_TESTABILITY = YES;
				GCC_C_LANGUAGE_STANDARD = gnu11;
				GCC_DYNAMIC_NO_PIC = NO;
				GCC_NO_COMMON_BLOCKS = YES;
				GCC_OPTIMIZATION_LEVEL = 0;
				GCC_PREPROCESSOR_DEFINITIONS = (
					"DEBUG=1",
					"$(inherited)",
				);
				GCC_WARN_64_TO_32_BIT_CONVERSION = YES;
				GCC_WARN_ABOUT_RETURN_TYPE = YES_ERROR;
				GCC_WARN_UNDECLARED_SELECTOR = YES;
				GCC_WARN_UNINITIALIZED_AUTOS = YES_AGGRESSIVE;
				GCC_WARN_UNUSED_FUNCTION = YES;
				GCC_WARN_UNUSED_VARIABLE = YES;
				IPHONEOS_DEPLOYMENT_TARGET = 15.4;
				MTL_ENABLE_DEBUG_INFO = INCLUDE_SOURCE;
				MTL_FAST_MATH = YES;
				ONLY_ACTIVE_ARCH = YES;
				SDKROOT = iphoneos;
				SWIFT_ACTIVE_COMPILATION_CONDITIONS = DEBUG;
				SWIFT_OPTIMIZATION_LEVEL = "-Onone";
			};
			name = Debug;
		};
		E193BEDD283DB3D60076133B /* Release */ = {
			isa = XCBuildConfiguration;
			buildSettings = {
				ALWAYS_SEARCH_USER_PATHS = NO;
				CLANG_ANALYZER_NONNULL = YES;
				CLANG_ANALYZER_NUMBER_OBJECT_CONVERSION = YES_AGGRESSIVE;
				CLANG_CXX_LANGUAGE_STANDARD = "gnu++17";
				CLANG_ENABLE_MODULES = YES;
				CLANG_ENABLE_OBJC_ARC = YES;
				CLANG_ENABLE_OBJC_WEAK = YES;
				CLANG_WARN_BLOCK_CAPTURE_AUTORELEASING = YES;
				CLANG_WARN_BOOL_CONVERSION = YES;
				CLANG_WARN_COMMA = YES;
				CLANG_WARN_CONSTANT_CONVERSION = YES;
				CLANG_WARN_DEPRECATED_OBJC_IMPLEMENTATIONS = YES;
				CLANG_WARN_DIRECT_OBJC_ISA_USAGE = YES_ERROR;
				CLANG_WARN_DOCUMENTATION_COMMENTS = YES;
				CLANG_WARN_EMPTY_BODY = YES;
				CLANG_WARN_ENUM_CONVERSION = YES;
				CLANG_WARN_INFINITE_RECURSION = YES;
				CLANG_WARN_INT_CONVERSION = YES;
				CLANG_WARN_NON_LITERAL_NULL_CONVERSION = YES;
				CLANG_WARN_OBJC_IMPLICIT_RETAIN_SELF = YES;
				CLANG_WARN_OBJC_LITERAL_CONVERSION = YES;
				CLANG_WARN_OBJC_ROOT_CLASS = YES_ERROR;
				CLANG_WARN_QUOTED_INCLUDE_IN_FRAMEWORK_HEADER = YES;
				CLANG_WARN_RANGE_LOOP_ANALYSIS = YES;
				CLANG_WARN_STRICT_PROTOTYPES = YES;
				CLANG_WARN_SUSPICIOUS_MOVE = YES;
				CLANG_WARN_UNGUARDED_AVAILABILITY = YES_AGGRESSIVE;
				CLANG_WARN_UNREACHABLE_CODE = YES;
				CLANG_WARN__DUPLICATE_METHOD_MATCH = YES;
				COPY_PHASE_STRIP = NO;
				DEBUG_INFORMATION_FORMAT = "dwarf-with-dsym";
				ENABLE_NS_ASSERTIONS = NO;
				ENABLE_STRICT_OBJC_MSGSEND = YES;
				GCC_C_LANGUAGE_STANDARD = gnu11;
				GCC_NO_COMMON_BLOCKS = YES;
				GCC_WARN_64_TO_32_BIT_CONVERSION = YES;
				GCC_WARN_ABOUT_RETURN_TYPE = YES_ERROR;
				GCC_WARN_UNDECLARED_SELECTOR = YES;
				GCC_WARN_UNINITIALIZED_AUTOS = YES_AGGRESSIVE;
				GCC_WARN_UNUSED_FUNCTION = YES;
				GCC_WARN_UNUSED_VARIABLE = YES;
				IPHONEOS_DEPLOYMENT_TARGET = 15.4;
				MTL_ENABLE_DEBUG_INFO = NO;
				MTL_FAST_MATH = YES;
				SDKROOT = iphoneos;
				SWIFT_COMPILATION_MODE = wholemodule;
				SWIFT_OPTIMIZATION_LEVEL = "-O";
				VALIDATE_PRODUCT = YES;
			};
			name = Release;
		};
		E193BEDF283DB3D60076133B /* Debug */ = {
			isa = XCBuildConfiguration;
			buildSettings = {
				ASSETCATALOG_COMPILER_APPICON_NAME = AppIcon;
				ASSETCATALOG_COMPILER_GLOBAL_ACCENT_COLOR_NAME = AccentColor;
				CODE_SIGN_STYLE = Automatic;
				CURRENT_PROJECT_VERSION = 1;
				DEVELOPMENT_ASSET_PATHS = "\"NameIs/Preview Content\"";
				DEVELOPMENT_TEAM = WG2VXYJXTP;
				ENABLE_PREVIEWS = YES;
				GENERATE_INFOPLIST_FILE = YES;
				INFOPLIST_FILE = NameIs/Info.plist;
				INFOPLIST_KEY_CFBundleDisplayName = "쉬운작명";
				INFOPLIST_KEY_LSApplicationCategoryType = "public.app-category.lifestyle";
				INFOPLIST_KEY_NSLocationAlwaysUsageDescription = "작명을 위해서 출생지 정보가 필요합니다.";
				INFOPLIST_KEY_NSLocationWhenInUseUsageDescription = "작명을 위해서 출생지 정보가 필요합니다.";
				INFOPLIST_KEY_UIApplicationSceneManifest_Generation = YES;
				INFOPLIST_KEY_UIApplicationSupportsIndirectInputEvents = YES;
				INFOPLIST_KEY_UILaunchScreen_Generation = YES;
				INFOPLIST_KEY_UISupportedInterfaceOrientations_iPad = "UIInterfaceOrientationPortrait UIInterfaceOrientationPortraitUpsideDown UIInterfaceOrientationLandscapeLeft UIInterfaceOrientationLandscapeRight";
				INFOPLIST_KEY_UISupportedInterfaceOrientations_iPhone = "UIInterfaceOrientationPortrait UIInterfaceOrientationLandscapeLeft UIInterfaceOrientationLandscapeRight";
				INFOPLIST_KEY_UIUserInterfaceStyle = Light;
				IPHONEOS_DEPLOYMENT_TARGET = 16.0;
				LD_RUNPATH_SEARCH_PATHS = (
					"$(inherited)",
					"@executable_path/Frameworks",
				);
				MARKETING_VERSION = 2.0.13;
				"OTHER_LDFLAGS[arch=*]" = "-ObjC";
				PRODUCT_BUNDLE_IDENTIFIER = com.pyfamily.singleview;
				PRODUCT_NAME = "$(TARGET_NAME)";
				SWIFT_EMIT_LOC_STRINGS = YES;
				SWIFT_VERSION = 5.0;
				TARGETED_DEVICE_FAMILY = "1,2";
			};
			name = Debug;
		};
		E193BEE0283DB3D60076133B /* Release */ = {
			isa = XCBuildConfiguration;
			buildSettings = {
				ASSETCATALOG_COMPILER_APPICON_NAME = AppIcon;
				ASSETCATALOG_COMPILER_GLOBAL_ACCENT_COLOR_NAME = AccentColor;
				CODE_SIGN_STYLE = Automatic;
				CURRENT_PROJECT_VERSION = 1;
				DEVELOPMENT_ASSET_PATHS = "\"NameIs/Preview Content\"";
				DEVELOPMENT_TEAM = WG2VXYJXTP;
				ENABLE_PREVIEWS = YES;
				GENERATE_INFOPLIST_FILE = YES;
				INFOPLIST_FILE = NameIs/Info.plist;
				INFOPLIST_KEY_CFBundleDisplayName = "쉬운작명";
				INFOPLIST_KEY_LSApplicationCategoryType = "public.app-category.lifestyle";
				INFOPLIST_KEY_NSLocationAlwaysUsageDescription = "작명을 위해서 출생지 정보가 필요합니다.";
				INFOPLIST_KEY_NSLocationWhenInUseUsageDescription = "작명을 위해서 출생지 정보가 필요합니다.";
				INFOPLIST_KEY_UIApplicationSceneManifest_Generation = YES;
				INFOPLIST_KEY_UIApplicationSupportsIndirectInputEvents = YES;
				INFOPLIST_KEY_UILaunchScreen_Generation = YES;
				INFOPLIST_KEY_UISupportedInterfaceOrientations_iPad = "UIInterfaceOrientationPortrait UIInterfaceOrientationPortraitUpsideDown UIInterfaceOrientationLandscapeLeft UIInterfaceOrientationLandscapeRight";
				INFOPLIST_KEY_UISupportedInterfaceOrientations_iPhone = "UIInterfaceOrientationPortrait UIInterfaceOrientationLandscapeLeft UIInterfaceOrientationLandscapeRight";
				INFOPLIST_KEY_UIUserInterfaceStyle = Light;
				IPHONEOS_DEPLOYMENT_TARGET = 16.0;
				LD_RUNPATH_SEARCH_PATHS = (
					"$(inherited)",
					"@executable_path/Frameworks",
				);
				MARKETING_VERSION = 2.0.13;
				"OTHER_LDFLAGS[arch=*]" = "-ObjC";
				PRODUCT_BUNDLE_IDENTIFIER = com.pyfamily.singleview;
				PRODUCT_NAME = "$(TARGET_NAME)";
				SWIFT_EMIT_LOC_STRINGS = YES;
				SWIFT_VERSION = 5.0;
				TARGETED_DEVICE_FAMILY = "1,2";
			};
			name = Release;
		};
		E193BEE2283DB3D60076133B /* Debug */ = {
			isa = XCBuildConfiguration;
			buildSettings = {
				ALWAYS_EMBED_SWIFT_STANDARD_LIBRARIES = YES;
				BUNDLE_LOADER = "$(TEST_HOST)";
				CODE_SIGN_STYLE = Automatic;
				CURRENT_PROJECT_VERSION = 1;
				DEVELOPMENT_TEAM = DDRNWB6VN3;
				GENERATE_INFOPLIST_FILE = YES;
				IPHONEOS_DEPLOYMENT_TARGET = 15.5;
				MARKETING_VERSION = 1.0;
				PRODUCT_BUNDLE_IDENTIFIER = com.hackathon.NewFeaturesTests;
				PRODUCT_NAME = "$(TARGET_NAME)";
				SWIFT_EMIT_LOC_STRINGS = NO;
				SWIFT_VERSION = 5.0;
				TARGETED_DEVICE_FAMILY = "1,2";
				TEST_HOST = "$(BUILT_PRODUCTS_DIR)/NewFeatures.app/NewFeatures";
			};
			name = Debug;
		};
		E193BEE3283DB3D60076133B /* Release */ = {
			isa = XCBuildConfiguration;
			buildSettings = {
				ALWAYS_EMBED_SWIFT_STANDARD_LIBRARIES = YES;
				BUNDLE_LOADER = "$(TEST_HOST)";
				CODE_SIGN_STYLE = Automatic;
				CURRENT_PROJECT_VERSION = 1;
				DEVELOPMENT_TEAM = DDRNWB6VN3;
				GENERATE_INFOPLIST_FILE = YES;
				IPHONEOS_DEPLOYMENT_TARGET = 15.5;
				MARKETING_VERSION = 1.0;
				PRODUCT_BUNDLE_IDENTIFIER = com.hackathon.NewFeaturesTests;
				PRODUCT_NAME = "$(TARGET_NAME)";
				SWIFT_EMIT_LOC_STRINGS = NO;
				SWIFT_VERSION = 5.0;
				TARGETED_DEVICE_FAMILY = "1,2";
				TEST_HOST = "$(BUILT_PRODUCTS_DIR)/NewFeatures.app/NewFeatures";
			};
			name = Release;
		};
		E193BEE5283DB3D60076133B /* Debug */ = {
			isa = XCBuildConfiguration;
			buildSettings = {
				ALWAYS_EMBED_SWIFT_STANDARD_LIBRARIES = YES;
				CODE_SIGN_STYLE = Automatic;
				CURRENT_PROJECT_VERSION = 1;
				DEVELOPMENT_TEAM = DDRNWB6VN3;
				GENERATE_INFOPLIST_FILE = YES;
				MARKETING_VERSION = 1.0;
				PRODUCT_BUNDLE_IDENTIFIER = com.hackathon.NewFeaturesUITests;
				PRODUCT_NAME = "$(TARGET_NAME)";
				SWIFT_EMIT_LOC_STRINGS = NO;
				SWIFT_VERSION = 5.0;
				TARGETED_DEVICE_FAMILY = "1,2";
				TEST_TARGET_NAME = NewFeatures;
			};
			name = Debug;
		};
		E193BEE6283DB3D60076133B /* Release */ = {
			isa = XCBuildConfiguration;
			buildSettings = {
				ALWAYS_EMBED_SWIFT_STANDARD_LIBRARIES = YES;
				CODE_SIGN_STYLE = Automatic;
				CURRENT_PROJECT_VERSION = 1;
				DEVELOPMENT_TEAM = DDRNWB6VN3;
				GENERATE_INFOPLIST_FILE = YES;
				MARKETING_VERSION = 1.0;
				PRODUCT_BUNDLE_IDENTIFIER = com.hackathon.NewFeaturesUITests;
				PRODUCT_NAME = "$(TARGET_NAME)";
				SWIFT_EMIT_LOC_STRINGS = NO;
				SWIFT_VERSION = 5.0;
				TARGETED_DEVICE_FAMILY = "1,2";
				TEST_TARGET_NAME = NewFeatures;
			};
			name = Release;
		};
/* End XCBuildConfiguration section */

/* Begin XCConfigurationList section */
		E193BEB5283DB3D50076133B /* Build configuration list for PBXProject "NameIs" */ = {
			isa = XCConfigurationList;
			buildConfigurations = (
				E193BEDC283DB3D60076133B /* Debug */,
				E193BEDD283DB3D60076133B /* Release */,
			);
			defaultConfigurationIsVisible = 0;
			defaultConfigurationName = Release;
		};
		E193BEDE283DB3D60076133B /* Build configuration list for PBXNativeTarget "NameIs" */ = {
			isa = XCConfigurationList;
			buildConfigurations = (
				E193BEDF283DB3D60076133B /* Debug */,
				E193BEE0283DB3D60076133B /* Release */,
			);
			defaultConfigurationIsVisible = 0;
			defaultConfigurationName = Release;
		};
		E193BEE1283DB3D60076133B /* Build configuration list for PBXNativeTarget "NewFeaturesTests" */ = {
			isa = XCConfigurationList;
			buildConfigurations = (
				E193BEE2283DB3D60076133B /* Debug */,
				E193BEE3283DB3D60076133B /* Release */,
			);
			defaultConfigurationIsVisible = 0;
			defaultConfigurationName = Release;
		};
		E193BEE4283DB3D60076133B /* Build configuration list for PBXNativeTarget "NewFeaturesUITests" */ = {
			isa = XCConfigurationList;
			buildConfigurations = (
				E193BEE5283DB3D60076133B /* Debug */,
				E193BEE6283DB3D60076133B /* Release */,
			);
			defaultConfigurationIsVisible = 0;
			defaultConfigurationName = Release;
		};
/* End XCConfigurationList section */

/* Begin XCRemoteSwiftPackageReference section */
		9B144C7829AA1808002EDA0E /* XCRemoteSwiftPackageReference "firebase-ios-sdk" */ = {
			isa = XCRemoteSwiftPackageReference;
			repositoryURL = "https://github.com/firebase/firebase-ios-sdk";
			requirement = {
				kind = upToNextMajorVersion;
				minimumVersion = 9.0.0;
			};
		};
		9B144C8129AA1997002EDA0E /* XCRemoteSwiftPackageReference "swift-package-manager-google-mobile-ads" */ = {
			isa = XCRemoteSwiftPackageReference;
			repositoryURL = "https://github.com/googleads/swift-package-manager-google-mobile-ads.git";
			requirement = {
				kind = upToNextMajorVersion;
				minimumVersion = 9.0.0;
			};
		};
/* End XCRemoteSwiftPackageReference section */

/* Begin XCSwiftPackageProductDependency section */
		9B144C7929AA1808002EDA0E /* FirebaseAnalytics */ = {
			isa = XCSwiftPackageProductDependency;
			package = 9B144C7829AA1808002EDA0E /* XCRemoteSwiftPackageReference "firebase-ios-sdk" */;
			productName = FirebaseAnalytics;
		};
		9B144C7B29AA1808002EDA0E /* FirebaseAuth */ = {
			isa = XCSwiftPackageProductDependency;
			package = 9B144C7829AA1808002EDA0E /* XCRemoteSwiftPackageReference "firebase-ios-sdk" */;
			productName = FirebaseAuth;
		};
		9B144C7D29AA1808002EDA0E /* FirebaseCrashlytics */ = {
			isa = XCSwiftPackageProductDependency;
			package = 9B144C7829AA1808002EDA0E /* XCRemoteSwiftPackageReference "firebase-ios-sdk" */;
			productName = FirebaseCrashlytics;
		};
		9B144C7F29AA1808002EDA0E /* FirebaseFirestore */ = {
			isa = XCSwiftPackageProductDependency;
			package = 9B144C7829AA1808002EDA0E /* XCRemoteSwiftPackageReference "firebase-ios-sdk" */;
			productName = FirebaseFirestore;
		};
		9B144C8229AA1997002EDA0E /* GoogleMobileAds */ = {
			isa = XCSwiftPackageProductDependency;
			package = 9B144C8129AA1997002EDA0E /* XCRemoteSwiftPackageReference "swift-package-manager-google-mobile-ads" */;
			productName = GoogleMobileAds;
		};
/* End XCSwiftPackageProductDependency section */
	};
	rootObject = E193BEB2283DB3D50076133B /* Project object */;
}
