// !$*UTF8*$!
{
	archiveVersion = 1;
	classes = {
	};
	objectVersion = 46;
	objects = {

/* Begin PBXBuildFile section */
		C0CE11DE1BB7D17D0054284B /* AppDelegate.swift in Sources */ = {isa = PBXBuildFile; fileRef = C0CE11DD1BB7D17D0054284B /* AppDelegate.swift */; };
		C0CE11E01BB7D17D0054284B /* MasterViewController.swift in Sources */ = {isa = PBXBuildFile; fileRef = C0CE11DF1BB7D17D0054284B /* MasterViewController.swift */; };
		C0CE11E21BB7D17D0054284B /* DetailViewController.swift in Sources */ = {isa = PBXBuildFile; fileRef = C0CE11E11BB7D17D0054284B /* DetailViewController.swift */; };
		C0CE11E51BB7D17D0054284B /* Main.storyboard in Resources */ = {isa = PBXBuildFile; fileRef = C0CE11E31BB7D17D0054284B /* Main.storyboard */; };
		C0CE11E71BB7D17D0054284B /* Assets.xcassets in Resources */ = {isa = PBXBuildFile; fileRef = C0CE11E61BB7D17D0054284B /* Assets.xcassets */; };
		C0CE11EA1BB7D17D0054284B /* LaunchScreen.storyboard in Resources */ = {isa = PBXBuildFile; fileRef = C0CE11E81BB7D17D0054284B /* LaunchScreen.storyboard */; };
		C0CE11F51BB7D17D0054284B /* masterdetailTests.swift in Sources */ = {isa = PBXBuildFile; fileRef = C0CE11F41BB7D17D0054284B /* masterdetailTests.swift */; };
		C0CE12001BB7D17D0054284B /* masterdetailUITests.swift in Sources */ = {isa = PBXBuildFile; fileRef = C0CE11FF1BB7D17D0054284B /* masterdetailUITests.swift */; };
/* End PBXBuildFile section */

/* Begin PBXContainerItemProxy section */
		C0CE11F11BB7D17D0054284B /* PBXContainerItemProxy */ = {
			isa = PBXContainerItemProxy;
			containerPortal = C0CE11D21BB7D17D0054284B /* Project object */;
			proxyType = 1;
			remoteGlobalIDString = C0CE11D91BB7D17D0054284B;
			remoteInfo = masterdetail;
		};
		C0CE11FC1BB7D17D0054284B /* PBXContainerItemProxy */ = {
			isa = PBXContainerItemProxy;
			containerPortal = C0CE11D21BB7D17D0054284B /* Project object */;
			proxyType = 1;
			remoteGlobalIDString = C0CE11D91BB7D17D0054284B;
			remoteInfo = masterdetail;
		};
/* End PBXContainerItemProxy section */

/* Begin PBXFileReference section */
		C0CE11DA1BB7D17D0054284B /* masterdetail.app */ = {isa = PBXFileReference; explicitFileType = wrapper.application; includeInIndex = 0; path = masterdetail.app; sourceTree = BUILT_PRODUCTS_DIR; };
		C0CE11DD1BB7D17D0054284B /* AppDelegate.swift */ = {isa = PBXFileReference; lastKnownFileType = sourcecode.swift; path = AppDelegate.swift; sourceTree = "<group>"; };
		C0CE11DF1BB7D17D0054284B /* MasterViewController.swift */ = {isa = PBXFileReference; lastKnownFileType = sourcecode.swift; path = MasterViewController.swift; sourceTree = "<group>"; };
		C0CE11E11BB7D17D0054284B /* DetailViewController.swift */ = {isa = PBXFileReference; lastKnownFileType = sourcecode.swift; path = DetailViewController.swift; sourceTree = "<group>"; };
		C0CE11E41BB7D17D0054284B /* Base */ = {isa = PBXFileReference; lastKnownFileType = file.storyboard; name = Base; path = Base.lproj/Main.storyboard; sourceTree = "<group>"; };
		C0CE11E61BB7D17D0054284B /* Assets.xcassets */ = {isa = PBXFileReference; lastKnownFileType = folder.assetcatalog; path = Assets.xcassets; sourceTree = "<group>"; };
		C0CE11E91BB7D17D0054284B /* Base */ = {isa = PBXFileReference; lastKnownFileType = file.storyboard; name = Base; path = Base.lproj/LaunchScreen.storyboard; sourceTree = "<group>"; };
		C0CE11EB1BB7D17D0054284B /* Info.plist */ = {isa = PBXFileReference; lastKnownFileType = text.plist.xml; path = Info.plist; sourceTree = "<group>"; };
		C0CE11F01BB7D17D0054284B /* masterdetailTests.xctest */ = {isa = PBXFileReference; explicitFileType = wrapper.cfbundle; includeInIndex = 0; path = masterdetailTests.xctest; sourceTree = BUILT_PRODUCTS_DIR; };
		C0CE11F41BB7D17D0054284B /* masterdetailTests.swift */ = {isa = PBXFileReference; lastKnownFileType = sourcecode.swift; path = masterdetailTests.swift; sourceTree = "<group>"; };
		C0CE11F61BB7D17D0054284B /* Info.plist */ = {isa = PBXFileReference; lastKnownFileType = text.plist.xml; path = Info.plist; sourceTree = "<group>"; };
		C0CE11FB1BB7D17D0054284B /* masterdetailUITests.xctest */ = {isa = PBXFileReference; explicitFileType = wrapper.cfbundle; includeInIndex = 0; path = masterdetailUITests.xctest; sourceTree = BUILT_PRODUCTS_DIR; };
		C0CE11FF1BB7D17D0054284B /* masterdetailUITests.swift */ = {isa = PBXFileReference; lastKnownFileType = sourcecode.swift; path = masterdetailUITests.swift; sourceTree = "<group>"; };
		C0CE12011BB7D17D0054284B /* Info.plist */ = {isa = PBXFileReference; lastKnownFileType = text.plist.xml; path = Info.plist; sourceTree = "<group>"; };
/* End PBXFileReference section */

/* Begin PBXFrameworksBuildPhase section */
		C0CE11D71BB7D17D0054284B /* Frameworks */ = {
			isa = PBXFrameworksBuildPhase;
			buildActionMask = 2147483647;
			files = (
			);
			runOnlyForDeploymentPostprocessing = 0;
		};
		C0CE11ED1BB7D17D0054284B /* Frameworks */ = {
			isa = PBXFrameworksBuildPhase;
			buildActionMask = 2147483647;
			files = (
			);
			runOnlyForDeploymentPostprocessing = 0;
		};
		C0CE11F81BB7D17D0054284B /* Frameworks */ = {
			isa = PBXFrameworksBuildPhase;
			buildActionMask = 2147483647;
			files = (
			);
			runOnlyForDeploymentPostprocessing = 0;
		};
/* End PBXFrameworksBuildPhase section */

/* Begin PBXGroup section */
		C0CE11D11BB7D17D0054284B = {
			isa = PBXGroup;
			children = (
				C0CE11DC1BB7D17D0054284B /* masterdetail */,
				C0CE11F31BB7D17D0054284B /* masterdetailTests */,
				C0CE11FE1BB7D17D0054284B /* masterdetailUITests */,
				C0CE11DB1BB7D17D0054284B /* Products */,
			);
			sourceTree = "<group>";
		};
		C0CE11DB1BB7D17D0054284B /* Products */ = {
			isa = PBXGroup;
			children = (
				C0CE11DA1BB7D17D0054284B /* masterdetail.app */,
				C0CE11F01BB7D17D0054284B /* masterdetailTests.xctest */,
				C0CE11FB1BB7D17D0054284B /* masterdetailUITests.xctest */,
			);
			name = Products;
			sourceTree = "<group>";
		};
		C0CE11DC1BB7D17D0054284B /* masterdetail */ = {
			isa = PBXGroup;
			children = (
				C0CE11DD1BB7D17D0054284B /* AppDelegate.swift */,
				C0CE11DF1BB7D17D0054284B /* MasterViewController.swift */,
				C0CE11E11BB7D17D0054284B /* DetailViewController.swift */,
				C0CE11E31BB7D17D0054284B /* Main.storyboard */,
				C0CE11E61BB7D17D0054284B /* Assets.xcassets */,
				C0CE11E81BB7D17D0054284B /* LaunchScreen.storyboard */,
				C0CE11EB1BB7D17D0054284B /* Info.plist */,
			);
			path = masterdetail;
			sourceTree = "<group>";
		};
		C0CE11F31BB7D17D0054284B /* masterdetailTests */ = {
			isa = PBXGroup;
			children = (
				C0CE11F41BB7D17D0054284B /* masterdetailTests.swift */,
				C0CE11F61BB7D17D0054284B /* Info.plist */,
			);
			path = masterdetailTests;
			sourceTree = "<group>";
		};
		C0CE11FE1BB7D17D0054284B /* masterdetailUITests */ = {
			isa = PBXGroup;
			children = (
				C0CE11FF1BB7D17D0054284B /* masterdetailUITests.swift */,
				C0CE12011BB7D17D0054284B /* Info.plist */,
			);
			path = masterdetailUITests;
			sourceTree = "<group>";
		};
/* End PBXGroup section */

/* Begin PBXNativeTarget section */
		C0CE11D91BB7D17D0054284B /* masterdetail */ = {
			isa = PBXNativeTarget;
			buildConfigurationList = C0CE12041BB7D17D0054284B /* Build configuration list for PBXNativeTarget "masterdetail" */;
			buildPhases = (
				C0CE11D61BB7D17D0054284B /* Sources */,
				C0CE11D71BB7D17D0054284B /* Frameworks */,
				C0CE11D81BB7D17D0054284B /* Resources */,
			);
			buildRules = (
			);
			dependencies = (
			);
			name = masterdetail;
			productName = masterdetail;
			productReference = C0CE11DA1BB7D17D0054284B /* masterdetail.app */;
			productType = "com.apple.product-type.application";
		};
		C0CE11EF1BB7D17D0054284B /* masterdetailTests */ = {
			isa = PBXNativeTarget;
			buildConfigurationList = C0CE12071BB7D17D0054284B /* Build configuration list for PBXNativeTarget "masterdetailTests" */;
			buildPhases = (
				C0CE11EC1BB7D17D0054284B /* Sources */,
				C0CE11ED1BB7D17D0054284B /* Frameworks */,
				C0CE11EE1BB7D17D0054284B /* Resources */,
			);
			buildRules = (
			);
			dependencies = (
				C0CE11F21BB7D17D0054284B /* PBXTargetDependency */,
			);
			name = masterdetailTests;
			productName = masterdetailTests;
			productReference = C0CE11F01BB7D17D0054284B /* masterdetailTests.xctest */;
			productType = "com.apple.product-type.bundle.unit-test";
		};
		C0CE11FA1BB7D17D0054284B /* masterdetailUITests */ = {
			isa = PBXNativeTarget;
			buildConfigurationList = C0CE120A1BB7D17D0054284B /* Build configuration list for PBXNativeTarget "masterdetailUITests" */;
			buildPhases = (
				C0CE11F71BB7D17D0054284B /* Sources */,
				C0CE11F81BB7D17D0054284B /* Frameworks */,
				C0CE11F91BB7D17D0054284B /* Resources */,
			);
			buildRules = (
			);
			dependencies = (
				C0CE11FD1BB7D17D0054284B /* PBXTargetDependency */,
			);
			name = masterdetailUITests;
			productName = masterdetailUITests;
			productReference = C0CE11FB1BB7D17D0054284B /* masterdetailUITests.xctest */;
			productType = "com.apple.product-type.bundle.ui-testing";
		};
/* End PBXNativeTarget section */

/* Begin PBXProject section */
		C0CE11D21BB7D17D0054284B /* Project object */ = {
			isa = PBXProject;
			attributes = {
				LastUpgradeCheck = 0700;
				ORGANIZATIONNAME = pyfamily;
				TargetAttributes = {
					C0CE11D91BB7D17D0054284B = {
						CreatedOnToolsVersion = 7.0;
					};
					C0CE11EF1BB7D17D0054284B = {
						CreatedOnToolsVersion = 7.0;
						TestTargetID = C0CE11D91BB7D17D0054284B;
					};
					C0CE11FA1BB7D17D0054284B = {
						CreatedOnToolsVersion = 7.0;
						TestTargetID = C0CE11D91BB7D17D0054284B;
					};
				};
			};
			buildConfigurationList = C0CE11D51BB7D17D0054284B /* Build configuration list for PBXProject "masterdetail" */;
			compatibilityVersion = "Xcode 3.2";
			developmentRegion = English;
			hasScannedForEncodings = 0;
			knownRegions = (
				en,
				Base,
			);
			mainGroup = C0CE11D11BB7D17D0054284B;
			productRefGroup = C0CE11DB1BB7D17D0054284B /* Products */;
			projectDirPath = "";
			projectRoot = "";
			targets = (
				C0CE11D91BB7D17D0054284B /* masterdetail */,
				C0CE11EF1BB7D17D0054284B /* masterdetailTests */,
				C0CE11FA1BB7D17D0054284B /* masterdetailUITests */,
			);
		};
/* End PBXProject section */

/* Begin PBXResourcesBuildPhase section */
		C0CE11D81BB7D17D0054284B /* Resources */ = {
			isa = PBXResourcesBuildPhase;
			buildActionMask = 2147483647;
			files = (
				C0CE11EA1BB7D17D0054284B /* LaunchScreen.storyboard in Resources */,
				C0CE11E71BB7D17D0054284B /* Assets.xcassets in Resources */,
				C0CE11E51BB7D17D0054284B /* Main.storyboard in Resources */,
			);
			runOnlyForDeploymentPostprocessing = 0;
		};
		C0CE11EE1BB7D17D0054284B /* Resources */ = {
			isa = PBXResourcesBuildPhase;
			buildActionMask = 2147483647;
			files = (
			);
			runOnlyForDeploymentPostprocessing = 0;
		};
		C0CE11F91BB7D17D0054284B /* Resources */ = {
			isa = PBXResourcesBuildPhase;
			buildActionMask = 2147483647;
			files = (
			);
			runOnlyForDeploymentPostprocessing = 0;
		};
/* End PBXResourcesBuildPhase section */

/* Begin PBXSourcesBuildPhase section */
		C0CE11D61BB7D17D0054284B /* Sources */ = {
			isa = PBXSourcesBuildPhase;
			buildActionMask = 2147483647;
			files = (
				C0CE11E21BB7D17D0054284B /* DetailViewController.swift in Sources */,
				C0CE11E01BB7D17D0054284B /* MasterViewController.swift in Sources */,
				C0CE11DE1BB7D17D0054284B /* AppDelegate.swift in Sources */,
			);
			runOnlyForDeploymentPostprocessing = 0;
		};
		C0CE11EC1BB7D17D0054284B /* Sources */ = {
			isa = PBXSourcesBuildPhase;
			buildActionMask = 2147483647;
			files = (
				C0CE11F51BB7D17D0054284B /* masterdetailTests.swift in Sources */,
			);
			runOnlyForDeploymentPostprocessing = 0;
		};
		C0CE11F71BB7D17D0054284B /* Sources */ = {
			isa = PBXSourcesBuildPhase;
			buildActionMask = 2147483647;
			files = (
				C0CE12001BB7D17D0054284B /* masterdetailUITests.swift in Sources */,
			);
			runOnlyForDeploymentPostprocessing = 0;
		};
/* End PBXSourcesBuildPhase section */

/* Begin PBXTargetDependency section */
		C0CE11F21BB7D17D0054284B /* PBXTargetDependency */ = {
			isa = PBXTargetDependency;
			target = C0CE11D91BB7D17D0054284B /* masterdetail */;
			targetProxy = C0CE11F11BB7D17D0054284B /* PBXContainerItemProxy */;
		};
		C0CE11FD1BB7D17D0054284B /* PBXTargetDependency */ = {
			isa = PBXTargetDependency;
			target = C0CE11D91BB7D17D0054284B /* masterdetail */;
			targetProxy = C0CE11FC1BB7D17D0054284B /* PBXContainerItemProxy */;
		};
/* End PBXTargetDependency section */

/* Begin PBXVariantGroup section */
		C0CE11E31BB7D17D0054284B /* Main.storyboard */ = {
			isa = PBXVariantGroup;
			children = (
				C0CE11E41BB7D17D0054284B /* Base */,
			);
			name = Main.storyboard;
			sourceTree = "<group>";
		};
		C0CE11E81BB7D17D0054284B /* LaunchScreen.storyboard */ = {
			isa = PBXVariantGroup;
			children = (
				C0CE11E91BB7D17D0054284B /* Base */,
			);
			name = LaunchScreen.storyboard;
			sourceTree = "<group>";
		};
/* End PBXVariantGroup section */

/* Begin XCBuildConfiguration section */
		C0CE12021BB7D17D0054284B /* Debug */ = {
			isa = XCBuildConfiguration;
			buildSettings = {
				ALWAYS_SEARCH_USER_PATHS = NO;
				CLANG_CXX_LANGUAGE_STANDARD = "gnu++0x";
				CLANG_CXX_LIBRARY = "libc++";
				CLANG_ENABLE_MODULES = YES;
				CLANG_ENABLE_OBJC_ARC = YES;
				CLANG_WARN_BOOL_CONVERSION = YES;
				CLANG_WARN_CONSTANT_CONVERSION = YES;
				CLANG_WARN_DIRECT_OBJC_ISA_USAGE = YES_ERROR;
				CLANG_WARN_EMPTY_BODY = YES;
				CLANG_WARN_ENUM_CONVERSION = YES;
				CLANG_WARN_INT_CONVERSION = YES;
				CLANG_WARN_OBJC_ROOT_CLASS = YES_ERROR;
				CLANG_WARN_UNREACHABLE_CODE = YES;
				CLANG_WARN__DUPLICATE_METHOD_MATCH = YES;
				"CODE_SIGN_IDENTITY[sdk=iphoneos*]" = "iPhone Developer";
				COPY_PHASE_STRIP = NO;
				DEBUG_INFORMATION_FORMAT = dwarf;
				ENABLE_STRICT_OBJC_MSGSEND = YES;
				ENABLE_TESTABILITY = YES;
				GCC_C_LANGUAGE_STANDARD = gnu99;
				GCC_DYNAMIC_NO_PIC = NO;
				GCC_NO_COMMON_BLOCKS = YES;
				GCC_OPTIMIZATION_LEVEL = 0;
				GCC_PREPROCESSOR_DEFINITIONS = (
					"DEBUG=1",
					"$(inherited)",
				);
				GCC_WARN_64_TO_32_BIT_CONVERSION = YES;
				GCC_WARN_ABOUT_RETURN_TYPE = YES_ERROR;
				GCC_WARN_UNDECLARED_SELECTOR = YES;
				GCC_WARN_UNINITIALIZED_AUTOS = YES_AGGRESSIVE;
				GCC_WARN_UNUSED_FUNCTION = YES;
				GCC_WARN_UNUSED_VARIABLE = YES;
				IPHONEOS_DEPLOYMENT_TARGET = 9.0;
				MTL_ENABLE_DEBUG_INFO = YES;
				ONLY_ACTIVE_ARCH = YES;
				SDKROOT = iphoneos;
				SWIFT_OPTIMIZATION_LEVEL = "-Onone";
			};
			name = Debug;
		};
		C0CE12031BB7D17D0054284B /* Release */ = {
			isa = XCBuildConfiguration;
			buildSettings = {
				ALWAYS_SEARCH_USER_PATHS = NO;
				CLANG_CXX_LANGUAGE_STANDARD = "gnu++0x";
				CLANG_CXX_LIBRARY = "libc++";
				CLANG_ENABLE_MODULES = YES;
				CLANG_ENABLE_OBJC_ARC = YES;
				CLANG_WARN_BOOL_CONVERSION = YES;
				CLANG_WARN_CONSTANT_CONVERSION = YES;
				CLANG_WARN_DIRECT_OBJC_ISA_USAGE = YES_ERROR;
				CLANG_WARN_EMPTY_BODY = YES;
				CLANG_WARN_ENUM_CONVERSION = YES;
				CLANG_WARN_INT_CONVERSION = YES;
				CLANG_WARN_OBJC_ROOT_CLASS = YES_ERROR;
				CLANG_WARN_UNREACHABLE_CODE = YES;
				CLANG_WARN__DUPLICATE_METHOD_MATCH = YES;
				"CODE_SIGN_IDENTITY[sdk=iphoneos*]" = "iPhone Developer";
				COPY_PHASE_STRIP = NO;
				DEBUG_INFORMATION_FORMAT = "dwarf-with-dsym";
				ENABLE_NS_ASSERTIONS = NO;
				ENABLE_STRICT_OBJC_MSGSEND = YES;
				GCC_C_LANGUAGE_STANDARD = gnu99;
				GCC_NO_COMMON_BLOCKS = YES;
				GCC_WARN_64_TO_32_BIT_CONVERSION = YES;
				GCC_WARN_ABOUT_RETURN_TYPE = YES_ERROR;
				GCC_WARN_UNDECLARED_SELECTOR = YES;
				GCC_WARN_UNINITIALIZED_AUTOS = YES_AGGRESSIVE;
				GCC_WARN_UNUSED_FUNCTION = YES;
				GCC_WARN_UNUSED_VARIABLE = YES;
				IPHONEOS_DEPLOYMENT_TARGET = 9.0;
				MTL_ENABLE_DEBUG_INFO = NO;
				SDKROOT = iphoneos;
				VALIDATE_PRODUCT = YES;
			};
			name = Release;
		};
		C0CE12051BB7D17D0054284B /* Debug */ = {
			isa = XCBuildConfiguration;
			buildSettings = {
				ASSETCATALOG_COMPILER_APPICON_NAME = AppIcon;
				INFOPLIST_FILE = masterdetail/Info.plist;
				LD_RUNPATH_SEARCH_PATHS = "$(inherited) @executable_path/Frameworks";
				PRODUCT_BUNDLE_IDENTIFIER = com.pyfamily.masterdetail;
				PRODUCT_NAME = "$(TARGET_NAME)";
			};
			name = Debug;
		};
		C0CE12061BB7D17D0054284B /* Release */ = {
			isa = XCBuildConfiguration;
			buildSettings = {
				ASSETCATALOG_COMPILER_APPICON_NAME = AppIcon;
				INFOPLIST_FILE = masterdetail/Info.plist;
				LD_RUNPATH_SEARCH_PATHS = "$(inherited) @executable_path/Frameworks";
				PRODUCT_BUNDLE_IDENTIFIER = com.pyfamily.masterdetail;
				PRODUCT_NAME = "$(TARGET_NAME)";
			};
			name = Release;
		};
		C0CE12081BB7D17D0054284B /* Debug */ = {
			isa = XCBuildConfiguration;
			buildSettings = {
				BUNDLE_LOADER = "$(TEST_HOST)";
				INFOPLIST_FILE = masterdetailTests/Info.plist;
				LD_RUNPATH_SEARCH_PATHS = "$(inherited) @executable_path/Frameworks @loader_path/Frameworks";
				PRODUCT_BUNDLE_IDENTIFIER = com.pyfamily.masterdetailTests;
				PRODUCT_NAME = "$(TARGET_NAME)";
				TEST_HOST = "$(BUILT_PRODUCTS_DIR)/masterdetail.app/masterdetail";
			};
			name = Debug;
		};
		C0CE12091BB7D17D0054284B /* Release */ = {
			isa = XCBuildConfiguration;
			buildSettings = {
				BUNDLE_LOADER = "$(TEST_HOST)";
				INFOPLIST_FILE = masterdetailTests/Info.plist;
				LD_RUNPATH_SEARCH_PATHS = "$(inherited) @executable_path/Frameworks @loader_path/Frameworks";
				PRODUCT_BUNDLE_IDENTIFIER = com.pyfamily.masterdetailTests;
				PRODUCT_NAME = "$(TARGET_NAME)";
				TEST_HOST = "$(BUILT_PRODUCTS_DIR)/masterdetail.app/masterdetail";
			};
			name = Release;
		};
		C0CE120B1BB7D17D0054284B /* Debug */ = {
			isa = XCBuildConfiguration;
			buildSettings = {
				INFOPLIST_FILE = masterdetailUITests/Info.plist;
				LD_RUNPATH_SEARCH_PATHS = "$(inherited) @executable_path/Frameworks @loader_path/Frameworks";
				PRODUCT_BUNDLE_IDENTIFIER = com.pyfamily.masterdetailUITests;
				PRODUCT_NAME = "$(TARGET_NAME)";
				TEST_TARGET_NAME = masterdetail;
				USES_XCTRUNNER = YES;
			};
			name = Debug;
		};
		C0CE120C1BB7D17D0054284B /* Release */ = {
			isa = XCBuildConfiguration;
			buildSettings = {
				INFOPLIST_FILE = masterdetailUITests/Info.plist;
				LD_RUNPATH_SEARCH_PATHS = "$(inherited) @executable_path/Frameworks @loader_path/Frameworks";
				PRODUCT_BUNDLE_IDENTIFIER = com.pyfamily.masterdetailUITests;
				PRODUCT_NAME = "$(TARGET_NAME)";
				TEST_TARGET_NAME = masterdetail;
				USES_XCTRUNNER = YES;
			};
			name = Release;
		};
/* End XCBuildConfiguration section */

/* Begin XCConfigurationList section */
		C0CE11D51BB7D17D0054284B /* Build configuration list for PBXProject "masterdetail" */ = {
			isa = XCConfigurationList;
			buildConfigurations = (
				C0CE12021BB7D17D0054284B /* Debug */,
				C0CE12031BB7D17D0054284B /* Release */,
			);
			defaultConfigurationIsVisible = 0;
			defaultConfigurationName = Release;
		};
		C0CE12041BB7D17D0054284B /* Build configuration list for PBXNativeTarget "masterdetail" */ = {
			isa = XCConfigurationList;
			buildConfigurations = (
				C0CE12051BB7D17D0054284B /* Debug */,
				C0CE12061BB7D17D0054284B /* Release */,
			);
			defaultConfigurationIsVisible = 0;
		};
		C0CE12071BB7D17D0054284B /* Build configuration list for PBXNativeTarget "masterdetailTests" */ = {
			isa = XCConfigurationList;
			buildConfigurations = (
				C0CE12081BB7D17D0054284B /* Debug */,
				C0CE12091BB7D17D0054284B /* Release */,
			);
			defaultConfigurationIsVisible = 0;
		};
		C0CE120A1BB7D17D0054284B /* Build configuration list for PBXNativeTarget "masterdetailUITests" */ = {
			isa = XCConfigurationList;
			buildConfigurations = (
				C0CE120B1BB7D17D0054284B /* Debug */,
				C0CE120C1BB7D17D0054284B /* Release */,
			);
			defaultConfigurationIsVisible = 0;
		};
/* End XCConfigurationList section */
	};
	rootObject = C0CE11D21BB7D17D0054284B /* Project object */;
}
